{
  "pins" : [
    {
      "identity" : "clashkit",
      "kind" : "remoteSourceControl",
      "location" : "https://github.com/daemonomead/ClashKit.git",
      "state" : {
        "revision" : "55406a1c233280fdcd9b8d917648eb644964c8f7",
        "version" : "1.8.5"
      }
    }
  ],
  "version" : 2
}
