{
  "pins" : [
    {
      "identity" : "clashkit",
      "kind" : "remoteSourceControl",
      "location" : "https://github.com/Daemonomead/ClashKit.git",
      "state" : {
        "revision" : "ccd2a796d8771e908ae333f19e3067cdbfca304c",
        "version" : "1.1.10"
      }
    }
  ],
  "version" : 2
}
