{
  "pins" : [
    {
      "identity" : "clashkit",
      "kind" : "remoteSourceControl",
      "location" : "https://github.com/daemonomead/ClashKit.git",
      "state" : {
        "revision" : "60e96ddb68a83c17bf4a05caddf7a6cd613988fe",
        "version" : "1.6.25"
      }
    },
    {
      "identity" : "spindicator",
      "kind" : "remoteSourceControl",
      "location" : "https://github.com/ivanvorobei/SPIndicator.git",
      "state" : {
        "revision" : "43600857729d9efff046dc6673e6f94e095882c7",
        "version" : "1.6.4"
      }
    }
  ],
  "version" : 2
}
