{
  "pins" : [
    {
      "identity" : "clashkit",
      "kind" : "remoteSourceControl",
      "location" : "https://github.com/daemooon/ClashKit.git",
      "state" : {
        "revision" : "c70deb57c21fdafbca845bcd771f2f51e4f3173d",
        "version" : "1.8.17"
      }
    },
    {
      "identity" : "xraykit",
      "kind" : "remoteSourceControl",
      "location" : "https://github.com/daemooon/XrayKit.git",
      "state" : {
        "revision" : "c004c167c86055985fe4f84394e60702d7bdc606",
        "version" : "0.1.4"
      }
    }
  ],
  "version" : 2
}
