{
  "pins" : [
    {
      "identity" : "clashkit",
      "kind" : "remoteSourceControl",
      "location" : "https://github.com/daemooon/ClashKit.git",
      "state" : {
        "revision" : "c70deb57c21fdafbca845bcd771f2f51e4f3173d",
        "version" : "1.8.17"
      }
    },
    {
      "identity" : "xraykit",
      "kind" : "remoteSourceControl",
      "location" : "https://github.com/daemooon/XrayKit.git",
      "state" : {
        "revision" : "a05b0aa1139bc7761545f5b996db8541553643f3",
        "version" : "0.1.5"
      }
    }
  ],
  "version" : 2
}
