// !$*UTF8*$!
{
	archiveVersion = 1;
	classes = {
	};
	objectVersion = 56;
	objects = {

/* Begin PBXBuildFile section */
		7000C6D6295AED790005626E /* MGProvidersManager.swift in Sources */ = {isa = PBXBuildFile; fileRef = 7000C6D1295AED790005626E /* MGProvidersManager.swift */; };
		7000C6D7295AED790005626E /* MGProxyViewModel.swift in Sources */ = {isa = PBXBuildFile; fileRef = 7000C6D2295AED790005626E /* MGProxyViewModel.swift */; };
		7000C6D8295AED790005626E /* MGProxyModel.swift in Sources */ = {isa = PBXBuildFile; fileRef = 7000C6D3295AED790005626E /* MGProxyModel.swift */; };
		7000C6D9295AED790005626E /* MGProviderViewModel.swift in Sources */ = {isa = PBXBuildFile; fileRef = 7000C6D4295AED790005626E /* MGProviderViewModel.swift */; };
		7000C6DA295AED790005626E /* MGUpdatableViewModel.swift in Sources */ = {isa = PBXBuildFile; fileRef = 7000C6D5295AED790005626E /* MGUpdatableViewModel.swift */; };
		7000C6DE295D5F690005626E /* MGConnectedDurationView.swift in Sources */ = {isa = PBXBuildFile; fileRef = 7000C6DD295D5F690005626E /* MGConnectedDurationView.swift */; };
		7000C6E0295D60A50005626E /* MGTunnelModeView.swift in Sources */ = {isa = PBXBuildFile; fileRef = 7000C6DF295D60A50005626E /* MGTunnelModeView.swift */; };
		7000C6E4295D635F0005626E /* MGControlView.swift in Sources */ = {isa = PBXBuildFile; fileRef = 7000C6E3295D635F0005626E /* MGControlView.swift */; };
		701811D929A32D6C005E5CDB /* MGConstant+Clash.swift in Sources */ = {isa = PBXBuildFile; fileRef = 701811D829A32D6C005E5CDB /* MGConstant+Clash.swift */; };
		701811DA29A32D71005E5CDB /* MGConstant+Clash.swift in Sources */ = {isa = PBXBuildFile; fileRef = 701811D829A32D6C005E5CDB /* MGConstant+Clash.swift */; };
		701811DC29A32D7A005E5CDB /* MGConstant+Xray.swift in Sources */ = {isa = PBXBuildFile; fileRef = 701811DB29A32D7A005E5CDB /* MGConstant+Xray.swift */; };
		701811DD29A32E28005E5CDB /* MGConstant+Xray.swift in Sources */ = {isa = PBXBuildFile; fileRef = 701811DB29A32D7A005E5CDB /* MGConstant+Xray.swift */; };
		702D9087299B2B4500B83324 /* MGIPV6View.swift in Sources */ = {isa = PBXBuildFile; fileRef = 702D9086299B2B4500B83324 /* MGIPV6View.swift */; };
		702D908A299B58A400B83324 /* MGNotification.swift in Sources */ = {isa = PBXBuildFile; fileRef = 702D9089299B58A400B83324 /* MGNotification.swift */; };
		702D9091299FA40600B83324 /* NetworkExtension.framework in Frameworks */ = {isa = PBXBuildFile; fileRef = 70C9EDAC29502C6500B6995B /* NetworkExtension.framework */; };
		702D9099299FA40600B83324 /* XrayTunnel.appex in Embed Foundation Extensions */ = {isa = PBXBuildFile; fileRef = 702D9090299FA40600B83324 /* XrayTunnel.appex */; settings = {ATTRIBUTES = (RemoveHeadersOnCopy, ); }; };
		7061581629695E6A0005C024 /* MGFormPicker.swift in Sources */ = {isa = PBXBuildFile; fileRef = 7061581529695E6A0005C024 /* MGFormPicker.swift */; };
		7069E00C29ADE79C0012C435 /* XrayKit in Frameworks */ = {isa = PBXBuildFile; productRef = 7069E00B29ADE79C0012C435 /* XrayKit */; };
		7069E01F29ADEAA30012C435 /* PacketTunnelProvider.swift in Sources */ = {isa = PBXBuildFile; fileRef = 702D9093299FA40600B83324 /* PacketTunnelProvider.swift */; };
		7069E02029ADEABF0012C435 /* libresolv.9.tbd in Frameworks */ = {isa = PBXBuildFile; fileRef = 7072264429A46C6100A38837 /* libresolv.9.tbd */; };
		706DB6B929B9DFBC002F22C7 /* MGConfigurationFormat.swift in Sources */ = {isa = PBXBuildFile; fileRef = 706DB6B829B9DFBC002F22C7 /* MGConfigurationFormat.swift */; };
		706DB6BB29B9DFCE002F22C7 /* MGConfigurationLocation.swift in Sources */ = {isa = PBXBuildFile; fileRef = 706DB6BA29B9DFCE002F22C7 /* MGConfigurationLocation.swift */; };
		706DB6BD29B9DFE3002F22C7 /* MGConfiguration.swift in Sources */ = {isa = PBXBuildFile; fileRef = 706DB6BC29B9DFE3002F22C7 /* MGConfiguration.swift */; };
		706DB6C129B9E006002F22C7 /* MGConfigurationDownloadViewModel.swift in Sources */ = {isa = PBXBuildFile; fileRef = 706DB6C029B9E006002F22C7 /* MGConfigurationDownloadViewModel.swift */; };
		706DB6C329B9E04B002F22C7 /* MGConfigurationDownloadView.swift in Sources */ = {isa = PBXBuildFile; fileRef = 706DB6C229B9E04B002F22C7 /* MGConfigurationDownloadView.swift */; };
		7072264329A4648000A38837 /* ClashKit in Frameworks */ = {isa = PBXBuildFile; productRef = 7072264229A4648000A38837 /* ClashKit */; };
		7084FC1D295ECBC900065DAF /* MGAppMessage.swift in Sources */ = {isa = PBXBuildFile; fileRef = 7084FC1C295ECBC900065DAF /* MGAppMessage.swift */; };
		7084FC1E295ECBC900065DAF /* MGAppMessage.swift in Sources */ = {isa = PBXBuildFile; fileRef = 7084FC1C295ECBC900065DAF /* MGAppMessage.swift */; };
		7084FC20295ECC7400065DAF /* MGTunnelMode.swift in Sources */ = {isa = PBXBuildFile; fileRef = 7084FC1F295ECC7400065DAF /* MGTunnelMode.swift */; };
		7084FC21295ECC7400065DAF /* MGTunnelMode.swift in Sources */ = {isa = PBXBuildFile; fileRef = 7084FC1F295ECC7400065DAF /* MGTunnelMode.swift */; };
		7084FC302965872200065DAF /* MGLogLevel.swift in Sources */ = {isa = PBXBuildFile; fileRef = 7084FC2F2965872200065DAF /* MGLogLevel.swift */; };
		7084FC312965872200065DAF /* MGLogLevel.swift in Sources */ = {isa = PBXBuildFile; fileRef = 7084FC2F2965872200065DAF /* MGLogLevel.swift */; };
		7084FC33296587C600065DAF /* MGLogLevelView.swift in Sources */ = {isa = PBXBuildFile; fileRef = 7084FC32296587C600065DAF /* MGLogLevelView.swift */; };
		7084FC362967B8AC00065DAF /* MGGeoIPSettingView.swift in Sources */ = {isa = PBXBuildFile; fileRef = 7084FC352967B8AC00065DAF /* MGGeoIPSettingView.swift */; };
		7084FC382967DB7300065DAF /* MGGEOIPView.swift in Sources */ = {isa = PBXBuildFile; fileRef = 7084FC372967DB7300065DAF /* MGGEOIPView.swift */; };
		7084FC3A2967E6FD00065DAF /* MGGEOIPManager.swift in Sources */ = {isa = PBXBuildFile; fileRef = 7084FC392967E6FD00065DAF /* MGGEOIPManager.swift */; };
		708A48E1296295C50040184C /* MGPolicyGroupView.swift in Sources */ = {isa = PBXBuildFile; fileRef = 708A48E0296295C50040184C /* MGPolicyGroupView.swift */; };
		708A48E3296299640040184C /* MGProxyListView.swift in Sources */ = {isa = PBXBuildFile; fileRef = 708A48E2296299640040184C /* MGProxyListView.swift */; };
		708A48EA2962AA2B0040184C /* MGAppearanceView.swift in Sources */ = {isa = PBXBuildFile; fileRef = 708A48E92962AA2B0040184C /* MGAppearanceView.swift */; };
		708A48EC2962AD740040184C /* MGAppearance.swift in Sources */ = {isa = PBXBuildFile; fileRef = 708A48EB2962AD740040184C /* MGAppearance.swift */; };
		708B37FE29B06A5C00E24312 /* MGLogLevel.swift in Sources */ = {isa = PBXBuildFile; fileRef = 7084FC2F2965872200065DAF /* MGLogLevel.swift */; };
		708B380029B06EB600E24312 /* Configuration.swift in Sources */ = {isa = PBXBuildFile; fileRef = 708B37FF29B06EB600E24312 /* Configuration.swift */; };
		708B380329B0937600E24312 /* MGSniffingSettingView.swift in Sources */ = {isa = PBXBuildFile; fileRef = 708B380229B0937600E24312 /* MGSniffingSettingView.swift */; };
		708B380629B0AA4200E24312 /* MGGEOAssetViewModel.swift in Sources */ = {isa = PBXBuildFile; fileRef = 708B380529B0AA4200E24312 /* MGGEOAssetViewModel.swift */; };
		708B380829B0AA6200E24312 /* MGGEOAssetSettingView.swift in Sources */ = {isa = PBXBuildFile; fileRef = 708B380729B0AA6200E24312 /* MGGEOAssetSettingView.swift */; };
		708B385B29B81CEB00E24312 /* Tun2SocksKit in Frameworks */ = {isa = PBXBuildFile; productRef = 708B385A29B81CEB00E24312 /* Tun2SocksKit */; };
		708B385D29B81D3D00E24312 /* MGPacketTunnelProvide.swift in Sources */ = {isa = PBXBuildFile; fileRef = 708B37FB29B03E6400E24312 /* MGPacketTunnelProvide.swift */; };
		708B385E29B81D3E00E24312 /* Tunnel.swift in Sources */ = {isa = PBXBuildFile; fileRef = 708B37F429B0358C00E24312 /* Tunnel.swift */; };
		708B385F29B81D3E00E24312 /* MGPacketTunnelProvide.swift in Sources */ = {isa = PBXBuildFile; fileRef = 708B37FB29B03E6400E24312 /* MGPacketTunnelProvide.swift */; };
		708B386029B81DDA00E24312 /* MGNotification.swift in Sources */ = {isa = PBXBuildFile; fileRef = 702D9089299B58A400B83324 /* MGNotification.swift */; };
		708B386129B81DDB00E24312 /* MGNotification.swift in Sources */ = {isa = PBXBuildFile; fileRef = 702D9089299B58A400B83324 /* MGNotification.swift */; };
		70B947A9295F302B006F6A38 /* Clash.swift in Sources */ = {isa = PBXBuildFile; fileRef = 70B947A8295F302B006F6A38 /* Clash.swift */; };
		70B947AF29612F46006F6A38 /* MGSubscribeView.swift in Sources */ = {isa = PBXBuildFile; fileRef = 70B947AE29612F46006F6A38 /* MGSubscribeView.swift */; };
		70B947B129613321006F6A38 /* MGSubscribeManager.swift in Sources */ = {isa = PBXBuildFile; fileRef = 70B947B029613321006F6A38 /* MGSubscribeManager.swift */; };
		70B947B329613354006F6A38 /* MGAppDelegate.swift in Sources */ = {isa = PBXBuildFile; fileRef = 70B947B229613354006F6A38 /* MGAppDelegate.swift */; };
		70C9ED9D29501D5C00B6995B /* Assets.xcassets in Resources */ = {isa = PBXBuildFile; fileRef = 70C9ED9C29501D5C00B6995B /* Assets.xcassets */; };
		70C9EDA029501D5C00B6995B /* Preview Assets.xcassets in Resources */ = {isa = PBXBuildFile; fileRef = 70C9ED9F29501D5C00B6995B /* Preview Assets.xcassets */; };
		70C9EDAD29502C6500B6995B /* NetworkExtension.framework in Frameworks */ = {isa = PBXBuildFile; fileRef = 70C9EDAC29502C6500B6995B /* NetworkExtension.framework */; };
		70C9EDB029502C6500B6995B /* PacketTunnelProvider.swift in Sources */ = {isa = PBXBuildFile; fileRef = 70C9EDAF29502C6500B6995B /* PacketTunnelProvider.swift */; };
		70C9EDB529502C6500B6995B /* ClashTunnel.appex in Embed Foundation Extensions */ = {isa = PBXBuildFile; fileRef = 70C9EDAA29502C6500B6995B /* ClashTunnel.appex */; settings = {ATTRIBUTES = (RemoveHeadersOnCopy, ); }; };
		70C9EDCC295057DB00B6995B /* MGProviderListView.swift in Sources */ = {isa = PBXBuildFile; fileRef = 70C9EDCB295057DB00B6995B /* MGProviderListView.swift */; };
		70C9EDD82951587D00B6995B /* MGResetView.swift in Sources */ = {isa = PBXBuildFile; fileRef = 70C9EDD72951587D00B6995B /* MGResetView.swift */; };
		70C9EDDA2951841E00B6995B /* MGSubscribeListView.swift in Sources */ = {isa = PBXBuildFile; fileRef = 70C9EDD92951841E00B6995B /* MGSubscribeListView.swift */; };
		70CEB89329A0C7BA003436C2 /* MGConstant.swift in Sources */ = {isa = PBXBuildFile; fileRef = 70CEB89229A0C7BA003436C2 /* MGConstant.swift */; };
		70CEB89829A30C79003436C2 /* MGConstant.swift in Sources */ = {isa = PBXBuildFile; fileRef = 70CEB89229A0C7BA003436C2 /* MGConstant.swift */; };
		70CEB89929A30C79003436C2 /* MGConstant.swift in Sources */ = {isa = PBXBuildFile; fileRef = 70CEB89229A0C7BA003436C2 /* MGConstant.swift */; };
		70DE0D6829A6114B00B3E343 /* MGApp.swift in Sources */ = {isa = PBXBuildFile; fileRef = 70DE0D6729A6114B00B3E343 /* MGApp.swift */; };
		70DE0D6A29A611E100B3E343 /* MGKernel.swift in Sources */ = {isa = PBXBuildFile; fileRef = 70DE0D6929A611E100B3E343 /* MGKernel.swift */; };
		70DE0D6B29A611E100B3E343 /* MGKernel.swift in Sources */ = {isa = PBXBuildFile; fileRef = 70DE0D6929A611E100B3E343 /* MGKernel.swift */; };
		70DE0D6C29A611E100B3E343 /* MGKernel.swift in Sources */ = {isa = PBXBuildFile; fileRef = 70DE0D6929A611E100B3E343 /* MGKernel.swift */; };
		70DE0D6E29A6155C00B3E343 /* MGPresentedButton.swift in Sources */ = {isa = PBXBuildFile; fileRef = 70DE0D6D29A6155C00B3E343 /* MGPresentedButton.swift */; };
		70DE0D7029A62A5800B3E343 /* MGPacketTunnelManager.swift in Sources */ = {isa = PBXBuildFile; fileRef = 70DE0D6F29A62A5800B3E343 /* MGPacketTunnelManager.swift */; };
		70DE0D7329A62C4E00B3E343 /* MGHomeView.swift in Sources */ = {isa = PBXBuildFile; fileRef = 70DE0D7229A62C4E00B3E343 /* MGHomeView.swift */; };
		70DE0D7829A6306100B3E343 /* MGSettingView.swift in Sources */ = {isa = PBXBuildFile; fileRef = 70DE0D7729A6306100B3E343 /* MGSettingView.swift */; };
/* End PBXBuildFile section */

/* Begin PBXContainerItemProxy section */
		702D9097299FA40600B83324 /* PBXContainerItemProxy */ = {
			isa = PBXContainerItemProxy;
			containerPortal = 70C9ED8D29501D5B00B6995B /* Project object */;
			proxyType = 1;
			remoteGlobalIDString = 702D908F299FA40600B83324;
			remoteInfo = XrayTunnel;
		};
		70C9EDB329502C6500B6995B /* PBXContainerItemProxy */ = {
			isa = PBXContainerItemProxy;
			containerPortal = 70C9ED8D29501D5B00B6995B /* Project object */;
			proxyType = 1;
			remoteGlobalIDString = 70C9EDA929502C6500B6995B;
			remoteInfo = PacketTunnel;
		};
/* End PBXContainerItemProxy section */

/* Begin PBXCopyFilesBuildPhase section */
		7069E00729ADE6D40012C435 /* Embed Frameworks */ = {
			isa = PBXCopyFilesBuildPhase;
			buildActionMask = 2147483647;
			dstPath = "";
			dstSubfolderSpec = 10;
			files = (
			);
			name = "Embed Frameworks";
			runOnlyForDeploymentPostprocessing = 0;
		};
		708B37EE29B034EA00E24312 /* Embed Frameworks */ = {
			isa = PBXCopyFilesBuildPhase;
			buildActionMask = 2147483647;
			dstPath = "";
			dstSubfolderSpec = 10;
			files = (
			);
			name = "Embed Frameworks";
			runOnlyForDeploymentPostprocessing = 0;
		};
		708B37F329B034F000E24312 /* Embed Frameworks */ = {
			isa = PBXCopyFilesBuildPhase;
			buildActionMask = 2147483647;
			dstPath = "";
			dstSubfolderSpec = 10;
			files = (
			);
			name = "Embed Frameworks";
			runOnlyForDeploymentPostprocessing = 0;
		};
		70C9EDB629502C6500B6995B /* Embed Foundation Extensions */ = {
			isa = PBXCopyFilesBuildPhase;
			buildActionMask = 2147483647;
			dstPath = "";
			dstSubfolderSpec = 13;
			files = (
				702D9099299FA40600B83324 /* XrayTunnel.appex in Embed Foundation Extensions */,
				70C9EDB529502C6500B6995B /* ClashTunnel.appex in Embed Foundation Extensions */,
			);
			name = "Embed Foundation Extensions";
			runOnlyForDeploymentPostprocessing = 0;
		};
/* End PBXCopyFilesBuildPhase section */

/* Begin PBXFileReference section */
		7000C6D1295AED790005626E /* MGProvidersManager.swift */ = {isa = PBXFileReference; fileEncoding = 4; lastKnownFileType = sourcecode.swift; path = MGProvidersManager.swift; sourceTree = "<group>"; };
		7000C6D2295AED790005626E /* MGProxyViewModel.swift */ = {isa = PBXFileReference; fileEncoding = 4; lastKnownFileType = sourcecode.swift; path = MGProxyViewModel.swift; sourceTree = "<group>"; };
		7000C6D3295AED790005626E /* MGProxyModel.swift */ = {isa = PBXFileReference; fileEncoding = 4; lastKnownFileType = sourcecode.swift; path = MGProxyModel.swift; sourceTree = "<group>"; };
		7000C6D4295AED790005626E /* MGProviderViewModel.swift */ = {isa = PBXFileReference; fileEncoding = 4; lastKnownFileType = sourcecode.swift; path = MGProviderViewModel.swift; sourceTree = "<group>"; };
		7000C6D5295AED790005626E /* MGUpdatableViewModel.swift */ = {isa = PBXFileReference; fileEncoding = 4; lastKnownFileType = sourcecode.swift; path = MGUpdatableViewModel.swift; sourceTree = "<group>"; };
		7000C6DD295D5F690005626E /* MGConnectedDurationView.swift */ = {isa = PBXFileReference; lastKnownFileType = sourcecode.swift; path = MGConnectedDurationView.swift; sourceTree = "<group>"; };
		7000C6DF295D60A50005626E /* MGTunnelModeView.swift */ = {isa = PBXFileReference; lastKnownFileType = sourcecode.swift; path = MGTunnelModeView.swift; sourceTree = "<group>"; };
		7000C6E3295D635F0005626E /* MGControlView.swift */ = {isa = PBXFileReference; lastKnownFileType = sourcecode.swift; path = MGControlView.swift; sourceTree = "<group>"; };
		701811D829A32D6C005E5CDB /* MGConstant+Clash.swift */ = {isa = PBXFileReference; lastKnownFileType = sourcecode.swift; path = "MGConstant+Clash.swift"; sourceTree = "<group>"; };
		701811DB29A32D7A005E5CDB /* MGConstant+Xray.swift */ = {isa = PBXFileReference; lastKnownFileType = sourcecode.swift; path = "MGConstant+Xray.swift"; sourceTree = "<group>"; };
		702D9086299B2B4500B83324 /* MGIPV6View.swift */ = {isa = PBXFileReference; lastKnownFileType = sourcecode.swift; path = MGIPV6View.swift; sourceTree = "<group>"; };
		702D9088299B54FD00B83324 /* README.txt */ = {isa = PBXFileReference; lastKnownFileType = text; path = README.txt; sourceTree = "<group>"; };
		702D9089299B58A400B83324 /* MGNotification.swift */ = {isa = PBXFileReference; lastKnownFileType = sourcecode.swift; path = MGNotification.swift; sourceTree = "<group>"; };
		702D9090299FA40600B83324 /* XrayTunnel.appex */ = {isa = PBXFileReference; explicitFileType = "wrapper.app-extension"; includeInIndex = 0; path = XrayTunnel.appex; sourceTree = BUILT_PRODUCTS_DIR; };
		702D9093299FA40600B83324 /* PacketTunnelProvider.swift */ = {isa = PBXFileReference; lastKnownFileType = sourcecode.swift; path = PacketTunnelProvider.swift; sourceTree = "<group>"; };
		702D9095299FA40600B83324 /* Info.plist */ = {isa = PBXFileReference; lastKnownFileType = text.plist.xml; path = Info.plist; sourceTree = "<group>"; };
		702D9096299FA40600B83324 /* XrayTunnel.entitlements */ = {isa = PBXFileReference; lastKnownFileType = text.plist.entitlements; path = XrayTunnel.entitlements; sourceTree = "<group>"; };
		7061581529695E6A0005C024 /* MGFormPicker.swift */ = {isa = PBXFileReference; lastKnownFileType = sourcecode.swift; path = MGFormPicker.swift; sourceTree = "<group>"; };
		706DB6B829B9DFBC002F22C7 /* MGConfigurationFormat.swift */ = {isa = PBXFileReference; lastKnownFileType = sourcecode.swift; path = MGConfigurationFormat.swift; sourceTree = "<group>"; };
		706DB6BA29B9DFCE002F22C7 /* MGConfigurationLocation.swift */ = {isa = PBXFileReference; lastKnownFileType = sourcecode.swift; path = MGConfigurationLocation.swift; sourceTree = "<group>"; };
		706DB6BC29B9DFE3002F22C7 /* MGConfiguration.swift */ = {isa = PBXFileReference; lastKnownFileType = sourcecode.swift; path = MGConfiguration.swift; sourceTree = "<group>"; };
		706DB6C029B9E006002F22C7 /* MGConfigurationDownloadViewModel.swift */ = {isa = PBXFileReference; lastKnownFileType = sourcecode.swift; path = MGConfigurationDownloadViewModel.swift; sourceTree = "<group>"; };
		706DB6C229B9E04B002F22C7 /* MGConfigurationDownloadView.swift */ = {isa = PBXFileReference; lastKnownFileType = sourcecode.swift; path = MGConfigurationDownloadView.swift; sourceTree = "<group>"; };
		7072264429A46C6100A38837 /* libresolv.9.tbd */ = {isa = PBXFileReference; lastKnownFileType = "sourcecode.text-based-dylib-definition"; name = libresolv.9.tbd; path = usr/lib/libresolv.9.tbd; sourceTree = SDKROOT; };
		7084FC1C295ECBC900065DAF /* MGAppMessage.swift */ = {isa = PBXFileReference; lastKnownFileType = sourcecode.swift; path = MGAppMessage.swift; sourceTree = "<group>"; };
		7084FC1F295ECC7400065DAF /* MGTunnelMode.swift */ = {isa = PBXFileReference; lastKnownFileType = sourcecode.swift; path = MGTunnelMode.swift; sourceTree = "<group>"; };
		7084FC242963FB8A00065DAF /* Config.xcconfig */ = {isa = PBXFileReference; lastKnownFileType = text.xcconfig; path = Config.xcconfig; sourceTree = "<group>"; };
		7084FC252963FDE300065DAF /* Info.plist */ = {isa = PBXFileReference; lastKnownFileType = text.plist.xml; path = Info.plist; sourceTree = "<group>"; };
		7084FC2F2965872200065DAF /* MGLogLevel.swift */ = {isa = PBXFileReference; lastKnownFileType = sourcecode.swift; path = MGLogLevel.swift; sourceTree = "<group>"; };
		7084FC32296587C600065DAF /* MGLogLevelView.swift */ = {isa = PBXFileReference; lastKnownFileType = sourcecode.swift; path = MGLogLevelView.swift; sourceTree = "<group>"; };
		7084FC352967B8AC00065DAF /* MGGeoIPSettingView.swift */ = {isa = PBXFileReference; lastKnownFileType = sourcecode.swift; path = MGGeoIPSettingView.swift; sourceTree = "<group>"; };
		7084FC372967DB7300065DAF /* MGGEOIPView.swift */ = {isa = PBXFileReference; lastKnownFileType = sourcecode.swift; path = MGGEOIPView.swift; sourceTree = "<group>"; };
		7084FC392967E6FD00065DAF /* MGGEOIPManager.swift */ = {isa = PBXFileReference; lastKnownFileType = sourcecode.swift; path = MGGEOIPManager.swift; sourceTree = "<group>"; };
		708A48E0296295C50040184C /* MGPolicyGroupView.swift */ = {isa = PBXFileReference; lastKnownFileType = sourcecode.swift; path = MGPolicyGroupView.swift; sourceTree = "<group>"; };
		708A48E2296299640040184C /* MGProxyListView.swift */ = {isa = PBXFileReference; lastKnownFileType = sourcecode.swift; path = MGProxyListView.swift; sourceTree = "<group>"; };
		708A48E92962AA2B0040184C /* MGAppearanceView.swift */ = {isa = PBXFileReference; lastKnownFileType = sourcecode.swift; path = MGAppearanceView.swift; sourceTree = "<group>"; };
		708A48EB2962AD740040184C /* MGAppearance.swift */ = {isa = PBXFileReference; lastKnownFileType = sourcecode.swift; path = MGAppearance.swift; sourceTree = "<group>"; };
		708B37F429B0358C00E24312 /* Tunnel.swift */ = {isa = PBXFileReference; lastKnownFileType = sourcecode.swift; path = Tunnel.swift; sourceTree = "<group>"; };
		708B37FB29B03E6400E24312 /* MGPacketTunnelProvide.swift */ = {isa = PBXFileReference; lastKnownFileType = sourcecode.swift; path = MGPacketTunnelProvide.swift; sourceTree = "<group>"; };
		708B37FF29B06EB600E24312 /* Configuration.swift */ = {isa = PBXFileReference; lastKnownFileType = sourcecode.swift; path = Configuration.swift; sourceTree = "<group>"; };
		708B380229B0937600E24312 /* MGSniffingSettingView.swift */ = {isa = PBXFileReference; lastKnownFileType = sourcecode.swift; path = MGSniffingSettingView.swift; sourceTree = "<group>"; };
		708B380529B0AA4200E24312 /* MGGEOAssetViewModel.swift */ = {isa = PBXFileReference; lastKnownFileType = sourcecode.swift; path = MGGEOAssetViewModel.swift; sourceTree = "<group>"; };
		708B380729B0AA6200E24312 /* MGGEOAssetSettingView.swift */ = {isa = PBXFileReference; lastKnownFileType = sourcecode.swift; path = MGGEOAssetSettingView.swift; sourceTree = "<group>"; };
		70B947A8295F302B006F6A38 /* Clash.swift */ = {isa = PBXFileReference; lastKnownFileType = sourcecode.swift; path = Clash.swift; sourceTree = "<group>"; };
		70B947AE29612F46006F6A38 /* MGSubscribeView.swift */ = {isa = PBXFileReference; lastKnownFileType = sourcecode.swift; path = MGSubscribeView.swift; sourceTree = "<group>"; };
		70B947B029613321006F6A38 /* MGSubscribeManager.swift */ = {isa = PBXFileReference; lastKnownFileType = sourcecode.swift; path = MGSubscribeManager.swift; sourceTree = "<group>"; };
		70B947B229613354006F6A38 /* MGAppDelegate.swift */ = {isa = PBXFileReference; lastKnownFileType = sourcecode.swift; path = MGAppDelegate.swift; sourceTree = "<group>"; };
		70C9ED9529501D5B00B6995B /* Mango.app */ = {isa = PBXFileReference; explicitFileType = wrapper.application; includeInIndex = 0; path = Mango.app; sourceTree = BUILT_PRODUCTS_DIR; };
		70C9ED9C29501D5C00B6995B /* Assets.xcassets */ = {isa = PBXFileReference; lastKnownFileType = folder.assetcatalog; path = Assets.xcassets; sourceTree = "<group>"; };
		70C9ED9F29501D5C00B6995B /* Preview Assets.xcassets */ = {isa = PBXFileReference; lastKnownFileType = folder.assetcatalog; path = "Preview Assets.xcassets"; sourceTree = "<group>"; };
		70C9EDAA29502C6500B6995B /* ClashTunnel.appex */ = {isa = PBXFileReference; explicitFileType = "wrapper.app-extension"; includeInIndex = 0; path = ClashTunnel.appex; sourceTree = BUILT_PRODUCTS_DIR; };
		70C9EDAC29502C6500B6995B /* NetworkExtension.framework */ = {isa = PBXFileReference; lastKnownFileType = wrapper.framework; name = NetworkExtension.framework; path = System/Library/Frameworks/NetworkExtension.framework; sourceTree = SDKROOT; };
		70C9EDAF29502C6500B6995B /* PacketTunnelProvider.swift */ = {isa = PBXFileReference; lastKnownFileType = sourcecode.swift; path = PacketTunnelProvider.swift; sourceTree = "<group>"; };
		70C9EDB129502C6500B6995B /* Info.plist */ = {isa = PBXFileReference; lastKnownFileType = text.plist.xml; path = Info.plist; sourceTree = "<group>"; };
		70C9EDB229502C6500B6995B /* ClashTunnel.entitlements */ = {isa = PBXFileReference; lastKnownFileType = text.plist.entitlements; path = ClashTunnel.entitlements; sourceTree = "<group>"; };
		70C9EDBF2950303900B6995B /* Mango.entitlements */ = {isa = PBXFileReference; lastKnownFileType = text.plist.entitlements; path = Mango.entitlements; sourceTree = "<group>"; };
		70C9EDCB295057DB00B6995B /* MGProviderListView.swift */ = {isa = PBXFileReference; lastKnownFileType = sourcecode.swift; path = MGProviderListView.swift; sourceTree = "<group>"; };
		70C9EDD72951587D00B6995B /* MGResetView.swift */ = {isa = PBXFileReference; lastKnownFileType = sourcecode.swift; path = MGResetView.swift; sourceTree = "<group>"; };
		70C9EDD92951841E00B6995B /* MGSubscribeListView.swift */ = {isa = PBXFileReference; lastKnownFileType = sourcecode.swift; path = MGSubscribeListView.swift; sourceTree = "<group>"; };
		70CEB89229A0C7BA003436C2 /* MGConstant.swift */ = {isa = PBXFileReference; lastKnownFileType = sourcecode.swift; path = MGConstant.swift; sourceTree = "<group>"; };
		70DE0D6729A6114B00B3E343 /* MGApp.swift */ = {isa = PBXFileReference; lastKnownFileType = sourcecode.swift; path = MGApp.swift; sourceTree = "<group>"; };
		70DE0D6929A611E100B3E343 /* MGKernel.swift */ = {isa = PBXFileReference; lastKnownFileType = sourcecode.swift; path = MGKernel.swift; sourceTree = "<group>"; };
		70DE0D6D29A6155C00B3E343 /* MGPresentedButton.swift */ = {isa = PBXFileReference; lastKnownFileType = sourcecode.swift; path = MGPresentedButton.swift; sourceTree = "<group>"; };
		70DE0D6F29A62A5800B3E343 /* MGPacketTunnelManager.swift */ = {isa = PBXFileReference; lastKnownFileType = sourcecode.swift; path = MGPacketTunnelManager.swift; sourceTree = "<group>"; };
		70DE0D7229A62C4E00B3E343 /* MGHomeView.swift */ = {isa = PBXFileReference; lastKnownFileType = sourcecode.swift; path = MGHomeView.swift; sourceTree = "<group>"; };
		70DE0D7729A6306100B3E343 /* MGSettingView.swift */ = {isa = PBXFileReference; lastKnownFileType = sourcecode.swift; path = MGSettingView.swift; sourceTree = "<group>"; };
/* End PBXFileReference section */

/* Begin PBXFrameworksBuildPhase section */
		702D908D299FA40600B83324 /* Frameworks */ = {
			isa = PBXFrameworksBuildPhase;
			buildActionMask = 2147483647;
			files = (
				7069E00C29ADE79C0012C435 /* XrayKit in Frameworks */,
				7069E02029ADEABF0012C435 /* libresolv.9.tbd in Frameworks */,
				708B385B29B81CEB00E24312 /* Tun2SocksKit in Frameworks */,
				702D9091299FA40600B83324 /* NetworkExtension.framework in Frameworks */,
			);
			runOnlyForDeploymentPostprocessing = 0;
		};
		70C9ED9229501D5B00B6995B /* Frameworks */ = {
			isa = PBXFrameworksBuildPhase;
			buildActionMask = 2147483647;
			files = (
			);
			runOnlyForDeploymentPostprocessing = 0;
		};
		70C9EDA729502C6500B6995B /* Frameworks */ = {
			isa = PBXFrameworksBuildPhase;
			buildActionMask = 2147483647;
			files = (
				70C9EDAD29502C6500B6995B /* NetworkExtension.framework in Frameworks */,
				7072264329A4648000A38837 /* ClashKit in Frameworks */,
			);
			runOnlyForDeploymentPostprocessing = 0;
		};
/* End PBXFrameworksBuildPhase section */

/* Begin PBXGroup section */
		701811D529A32D1B005E5CDB /* Clash */ = {
			isa = PBXGroup;
			children = (
				701811D829A32D6C005E5CDB /* MGConstant+Clash.swift */,
				7084FC1C295ECBC900065DAF /* MGAppMessage.swift */,
				7084FC1F295ECC7400065DAF /* MGTunnelMode.swift */,
			);
			path = Clash;
			sourceTree = "<group>";
		};
		701811D629A32D21005E5CDB /* Xray */ = {
			isa = PBXGroup;
			children = (
				701811DB29A32D7A005E5CDB /* MGConstant+Xray.swift */,
			);
			path = Xray;
			sourceTree = "<group>";
		};
		702D9092299FA40600B83324 /* XrayTunnel */ = {
			isa = PBXGroup;
			children = (
				708B37FF29B06EB600E24312 /* Configuration.swift */,
				702D9093299FA40600B83324 /* PacketTunnelProvider.swift */,
				702D9095299FA40600B83324 /* Info.plist */,
				702D9096299FA40600B83324 /* XrayTunnel.entitlements */,
			);
			path = XrayTunnel;
			sourceTree = "<group>";
		};
		706DB6B729B9DFAB002F22C7 /* Subscribe */ = {
			isa = PBXGroup;
			children = (
				706DB6B829B9DFBC002F22C7 /* MGConfigurationFormat.swift */,
				706DB6BA29B9DFCE002F22C7 /* MGConfigurationLocation.swift */,
				706DB6BC29B9DFE3002F22C7 /* MGConfiguration.swift */,
				706DB6C029B9E006002F22C7 /* MGConfigurationDownloadViewModel.swift */,
				706DB6C229B9E04B002F22C7 /* MGConfigurationDownloadView.swift */,
			);
			path = Subscribe;
			sourceTree = "<group>";
		};
		7074B14529A7207B00CBB919 /* Clash */ = {
			isa = PBXGroup;
			children = (
				708A48E0296295C50040184C /* MGPolicyGroupView.swift */,
				70C9EDCB295057DB00B6995B /* MGProviderListView.swift */,
				708A48E2296299640040184C /* MGProxyListView.swift */,
			);
			path = Clash;
			sourceTree = "<group>";
		};
		7074B14629A72B1E00CBB919 /* Clash */ = {
			isa = PBXGroup;
			children = (
				7084FC392967E6FD00065DAF /* MGGEOIPManager.swift */,
				7000C6D1295AED790005626E /* MGProvidersManager.swift */,
				7000C6D5295AED790005626E /* MGUpdatableViewModel.swift */,
				7000C6D4295AED790005626E /* MGProviderViewModel.swift */,
				7000C6D2295AED790005626E /* MGProxyViewModel.swift */,
				7000C6D3295AED790005626E /* MGProxyModel.swift */,
			);
			path = Clash;
			sourceTree = "<group>";
		};
		7074B14729A72CAE00CBB919 /* Clash */ = {
			isa = PBXGroup;
			children = (
				7000C6DF295D60A50005626E /* MGTunnelModeView.swift */,
				7084FC372967DB7300065DAF /* MGGEOIPView.swift */,
				7084FC352967B8AC00065DAF /* MGGeoIPSettingView.swift */,
			);
			path = Clash;
			sourceTree = "<group>";
		};
		708B37DC29B034BD00E24312 /* Tunnel */ = {
			isa = PBXGroup;
			children = (
				708B37F429B0358C00E24312 /* Tunnel.swift */,
				708B37FB29B03E6400E24312 /* MGPacketTunnelProvide.swift */,
			);
			path = Tunnel;
			sourceTree = "<group>";
		};
		708B380129B0936C00E24312 /* Xray */ = {
			isa = PBXGroup;
			children = (
				708B380229B0937600E24312 /* MGSniffingSettingView.swift */,
				708B380729B0AA6200E24312 /* MGGEOAssetSettingView.swift */,
			);
			path = Xray;
			sourceTree = "<group>";
		};
		708B380929B0AA9600E24312 /* Xray */ = {
			isa = PBXGroup;
			children = (
				708B380529B0AA4200E24312 /* MGGEOAssetViewModel.swift */,
			);
			path = Xray;
			sourceTree = "<group>";
		};
		70C9ED8C29501D5B00B6995B = {
			isa = PBXGroup;
			children = (
				702D9088299B54FD00B83324 /* README.txt */,
				7084FC242963FB8A00065DAF /* Config.xcconfig */,
				70C9EDCF295145DB00B6995B /* Shared */,
				70C9ED9729501D5B00B6995B /* Mango */,
				708B37DC29B034BD00E24312 /* Tunnel */,
				70C9EDAE29502C6500B6995B /* ClashTunnel */,
				702D9092299FA40600B83324 /* XrayTunnel */,
				70C9EDAB29502C6500B6995B /* Frameworks */,
				70C9ED9629501D5B00B6995B /* Products */,
			);
			sourceTree = "<group>";
		};
		70C9ED9629501D5B00B6995B /* Products */ = {
			isa = PBXGroup;
			children = (
				70C9ED9529501D5B00B6995B /* Mango.app */,
				70C9EDAA29502C6500B6995B /* ClashTunnel.appex */,
				702D9090299FA40600B83324 /* XrayTunnel.appex */,
			);
			name = Products;
			sourceTree = "<group>";
		};
		70C9ED9729501D5B00B6995B /* Mango */ = {
			isa = PBXGroup;
			children = (
				70C9EDBF2950303900B6995B /* Mango.entitlements */,
				70B947B229613354006F6A38 /* MGAppDelegate.swift */,
				70DE0D6729A6114B00B3E343 /* MGApp.swift */,
				7061581529695E6A0005C024 /* MGFormPicker.swift */,
				70DE0D6D29A6155C00B3E343 /* MGPresentedButton.swift */,
				70DE0D7129A62C4100B3E343 /* Home */,
				706DB6B729B9DFAB002F22C7 /* Subscribe */,
				70DE0D7629A6300100B3E343 /* Setting */,
				70C9EDBA29502CF000B6995B /* Core */,
				70C9ED9C29501D5C00B6995B /* Assets.xcassets */,
				7084FC252963FDE300065DAF /* Info.plist */,
				70C9ED9E29501D5C00B6995B /* Preview Content */,
			);
			path = Mango;
			sourceTree = "<group>";
		};
		70C9ED9E29501D5C00B6995B /* Preview Content */ = {
			isa = PBXGroup;
			children = (
				70C9ED9F29501D5C00B6995B /* Preview Assets.xcassets */,
			);
			path = "Preview Content";
			sourceTree = "<group>";
		};
		70C9EDAB29502C6500B6995B /* Frameworks */ = {
			isa = PBXGroup;
			children = (
				7072264429A46C6100A38837 /* libresolv.9.tbd */,
				70C9EDAC29502C6500B6995B /* NetworkExtension.framework */,
			);
			name = Frameworks;
			sourceTree = "<group>";
		};
		70C9EDAE29502C6500B6995B /* ClashTunnel */ = {
			isa = PBXGroup;
			children = (
				70B947A8295F302B006F6A38 /* Clash.swift */,
				70C9EDAF29502C6500B6995B /* PacketTunnelProvider.swift */,
				70C9EDB129502C6500B6995B /* Info.plist */,
				70C9EDB229502C6500B6995B /* ClashTunnel.entitlements */,
			);
			path = ClashTunnel;
			sourceTree = "<group>";
		};
		70C9EDBA29502CF000B6995B /* Core */ = {
			isa = PBXGroup;
			children = (
				70DE0D6F29A62A5800B3E343 /* MGPacketTunnelManager.swift */,
				70B947B029613321006F6A38 /* MGSubscribeManager.swift */,
				708A48EB2962AD740040184C /* MGAppearance.swift */,
				7074B14629A72B1E00CBB919 /* Clash */,
				708B380929B0AA9600E24312 /* Xray */,
			);
			path = Core;
			sourceTree = "<group>";
		};
		70C9EDCF295145DB00B6995B /* Shared */ = {
			isa = PBXGroup;
			children = (
				70DE0D6929A611E100B3E343 /* MGKernel.swift */,
				70CEB89229A0C7BA003436C2 /* MGConstant.swift */,
				702D9089299B58A400B83324 /* MGNotification.swift */,
				7084FC2F2965872200065DAF /* MGLogLevel.swift */,
				701811D529A32D1B005E5CDB /* Clash */,
				701811D629A32D21005E5CDB /* Xray */,
			);
			path = Shared;
			sourceTree = "<group>";
		};
		70DE0D7129A62C4100B3E343 /* Home */ = {
			isa = PBXGroup;
			children = (
				70DE0D7229A62C4E00B3E343 /* MGHomeView.swift */,
				7000C6E3295D635F0005626E /* MGControlView.swift */,
				7000C6DD295D5F690005626E /* MGConnectedDurationView.swift */,
				70B947AE29612F46006F6A38 /* MGSubscribeView.swift */,
				70C9EDD92951841E00B6995B /* MGSubscribeListView.swift */,
				7074B14529A7207B00CBB919 /* Clash */,
			);
			path = Home;
			sourceTree = "<group>";
		};
		70DE0D7629A6300100B3E343 /* Setting */ = {
			isa = PBXGroup;
			children = (
				70DE0D7729A6306100B3E343 /* MGSettingView.swift */,
				7084FC32296587C600065DAF /* MGLogLevelView.swift */,
				708A48E92962AA2B0040184C /* MGAppearanceView.swift */,
				702D9086299B2B4500B83324 /* MGIPV6View.swift */,
				70C9EDD72951587D00B6995B /* MGResetView.swift */,
				7074B14729A72CAE00CBB919 /* Clash */,
				708B380129B0936C00E24312 /* Xray */,
			);
			path = Setting;
			sourceTree = "<group>";
		};
/* End PBXGroup section */

/* Begin PBXNativeTarget section */
		702D908F299FA40600B83324 /* XrayTunnel */ = {
			isa = PBXNativeTarget;
			buildConfigurationList = 702D909A299FA40600B83324 /* Build configuration list for PBXNativeTarget "XrayTunnel" */;
			buildPhases = (
				702D908C299FA40600B83324 /* Sources */,
				702D908D299FA40600B83324 /* Frameworks */,
				702D908E299FA40600B83324 /* Resources */,
				708B37EE29B034EA00E24312 /* Embed Frameworks */,
			);
			buildRules = (
			);
			dependencies = (
			);
			name = XrayTunnel;
			packageProductDependencies = (
				7069E00B29ADE79C0012C435 /* XrayKit */,
				708B385A29B81CEB00E24312 /* Tun2SocksKit */,
			);
			productName = XrayTunnel;
			productReference = 702D9090299FA40600B83324 /* XrayTunnel.appex */;
			productType = "com.apple.product-type.app-extension";
		};
		70C9ED9429501D5B00B6995B /* Mango */ = {
			isa = PBXNativeTarget;
			buildConfigurationList = 70C9EDA329501D5C00B6995B /* Build configuration list for PBXNativeTarget "Mango" */;
			buildPhases = (
				70C9ED9129501D5B00B6995B /* Sources */,
				70C9ED9229501D5B00B6995B /* Frameworks */,
				70C9ED9329501D5B00B6995B /* Resources */,
				70C9EDB629502C6500B6995B /* Embed Foundation Extensions */,
				7069E00729ADE6D40012C435 /* Embed Frameworks */,
			);
			buildRules = (
			);
			dependencies = (
				70C9EDB429502C6500B6995B /* PBXTargetDependency */,
				702D9098299FA40600B83324 /* PBXTargetDependency */,
			);
			name = Mango;
			packageProductDependencies = (
			);
			productName = Clash;
			productReference = 70C9ED9529501D5B00B6995B /* Mango.app */;
			productType = "com.apple.product-type.application";
		};
		70C9EDA929502C6500B6995B /* ClashTunnel */ = {
			isa = PBXNativeTarget;
			buildConfigurationList = 70C9EDB929502C6500B6995B /* Build configuration list for PBXNativeTarget "ClashTunnel" */;
			buildPhases = (
				70C9EDA629502C6500B6995B /* Sources */,
				70C9EDA729502C6500B6995B /* Frameworks */,
				70C9EDA829502C6500B6995B /* Resources */,
				708B37F329B034F000E24312 /* Embed Frameworks */,
			);
			buildRules = (
			);
			dependencies = (
			);
			name = ClashTunnel;
			packageProductDependencies = (
				7072264229A4648000A38837 /* ClashKit */,
			);
			productName = PacketTunnel;
			productReference = 70C9EDAA29502C6500B6995B /* ClashTunnel.appex */;
			productType = "com.apple.product-type.app-extension";
		};
/* End PBXNativeTarget section */

/* Begin PBXProject section */
		70C9ED8D29501D5B00B6995B /* Project object */ = {
			isa = PBXProject;
			attributes = {
				BuildIndependentTargetsInParallel = 1;
				LastSwiftUpdateCheck = 1410;
				LastUpgradeCheck = 1410;
				TargetAttributes = {
					702D908F299FA40600B83324 = {
						CreatedOnToolsVersion = 14.1;
					};
					70C9ED9429501D5B00B6995B = {
						CreatedOnToolsVersion = 14.1;
					};
					70C9EDA929502C6500B6995B = {
						CreatedOnToolsVersion = 14.1;
					};
				};
			};
			buildConfigurationList = 70C9ED9029501D5B00B6995B /* Build configuration list for PBXProject "Mango" */;
			compatibilityVersion = "Xcode 14.0";
			developmentRegion = "zh-Hans";
			hasScannedForEncodings = 0;
			knownRegions = (
				"zh-Hans",
			);
			mainGroup = 70C9ED8C29501D5B00B6995B;
			packageReferences = (
				7072264129A4647F00A38837 /* XCRemoteSwiftPackageReference "ClashKit" */,
				7069E00A29ADE79C0012C435 /* XCRemoteSwiftPackageReference "XrayKit" */,
				708B37F829B036C500E24312 /* XCRemoteSwiftPackageReference "Tun2SocksKit" */,
			);
			productRefGroup = 70C9ED9629501D5B00B6995B /* Products */;
			projectDirPath = "";
			projectRoot = "";
			targets = (
				70C9ED9429501D5B00B6995B /* Mango */,
				70C9EDA929502C6500B6995B /* ClashTunnel */,
				702D908F299FA40600B83324 /* XrayTunnel */,
			);
		};
/* End PBXProject section */

/* Begin PBXResourcesBuildPhase section */
		702D908E299FA40600B83324 /* Resources */ = {
			isa = PBXResourcesBuildPhase;
			buildActionMask = 2147483647;
			files = (
			);
			runOnlyForDeploymentPostprocessing = 0;
		};
		70C9ED9329501D5B00B6995B /* Resources */ = {
			isa = PBXResourcesBuildPhase;
			buildActionMask = 2147483647;
			files = (
				70C9EDA029501D5C00B6995B /* Preview Assets.xcassets in Resources */,
				70C9ED9D29501D5C00B6995B /* Assets.xcassets in Resources */,
			);
			runOnlyForDeploymentPostprocessing = 0;
		};
		70C9EDA829502C6500B6995B /* Resources */ = {
			isa = PBXResourcesBuildPhase;
			buildActionMask = 2147483647;
			files = (
			);
			runOnlyForDeploymentPostprocessing = 0;
		};
/* End PBXResourcesBuildPhase section */

/* Begin PBXSourcesBuildPhase section */
		702D908C299FA40600B83324 /* Sources */ = {
			isa = PBXSourcesBuildPhase;
			buildActionMask = 2147483647;
			files = (
				708B380029B06EB600E24312 /* Configuration.swift in Sources */,
				708B385F29B81D3E00E24312 /* MGPacketTunnelProvide.swift in Sources */,
				708B37FE29B06A5C00E24312 /* MGLogLevel.swift in Sources */,
				7069E01F29ADEAA30012C435 /* PacketTunnelProvider.swift in Sources */,
				70CEB89929A30C79003436C2 /* MGConstant.swift in Sources */,
				701811DD29A32E28005E5CDB /* MGConstant+Xray.swift in Sources */,
				70DE0D6C29A611E100B3E343 /* MGKernel.swift in Sources */,
				708B385E29B81D3E00E24312 /* Tunnel.swift in Sources */,
				708B386129B81DDB00E24312 /* MGNotification.swift in Sources */,
			);
			runOnlyForDeploymentPostprocessing = 0;
		};
		70C9ED9129501D5B00B6995B /* Sources */ = {
			isa = PBXSourcesBuildPhase;
			buildActionMask = 2147483647;
			files = (
				702D908A299B58A400B83324 /* MGNotification.swift in Sources */,
				706DB6BB29B9DFCE002F22C7 /* MGConfigurationLocation.swift in Sources */,
				70DE0D7329A62C4E00B3E343 /* MGHomeView.swift in Sources */,
				70C9EDDA2951841E00B6995B /* MGSubscribeListView.swift in Sources */,
				7084FC20295ECC7400065DAF /* MGTunnelMode.swift in Sources */,
				7000C6D7295AED790005626E /* MGProxyViewModel.swift in Sources */,
				70C9EDCC295057DB00B6995B /* MGProviderListView.swift in Sources */,
				7000C6E0295D60A50005626E /* MGTunnelModeView.swift in Sources */,
				70C9EDD82951587D00B6995B /* MGResetView.swift in Sources */,
				7084FC302965872200065DAF /* MGLogLevel.swift in Sources */,
				7084FC382967DB7300065DAF /* MGGEOIPView.swift in Sources */,
				70B947B129613321006F6A38 /* MGSubscribeManager.swift in Sources */,
				701811D929A32D6C005E5CDB /* MGConstant+Clash.swift in Sources */,
				7000C6D6295AED790005626E /* MGProvidersManager.swift in Sources */,
				7084FC362967B8AC00065DAF /* MGGeoIPSettingView.swift in Sources */,
				706DB6BD29B9DFE3002F22C7 /* MGConfiguration.swift in Sources */,
				70B947AF29612F46006F6A38 /* MGSubscribeView.swift in Sources */,
				7084FC3A2967E6FD00065DAF /* MGGEOIPManager.swift in Sources */,
				70DE0D7829A6306100B3E343 /* MGSettingView.swift in Sources */,
				7084FC33296587C600065DAF /* MGLogLevelView.swift in Sources */,
				70DE0D6E29A6155C00B3E343 /* MGPresentedButton.swift in Sources */,
				708A48EC2962AD740040184C /* MGAppearance.swift in Sources */,
				7000C6DA295AED790005626E /* MGUpdatableViewModel.swift in Sources */,
				706DB6B929B9DFBC002F22C7 /* MGConfigurationFormat.swift in Sources */,
				708B380629B0AA4200E24312 /* MGGEOAssetViewModel.swift in Sources */,
				706DB6C329B9E04B002F22C7 /* MGConfigurationDownloadView.swift in Sources */,
				7084FC1D295ECBC900065DAF /* MGAppMessage.swift in Sources */,
				70DE0D6A29A611E100B3E343 /* MGKernel.swift in Sources */,
				7000C6E4295D635F0005626E /* MGControlView.swift in Sources */,
				7000C6D8295AED790005626E /* MGProxyModel.swift in Sources */,
				708A48EA2962AA2B0040184C /* MGAppearanceView.swift in Sources */,
				70CEB89329A0C7BA003436C2 /* MGConstant.swift in Sources */,
				7061581629695E6A0005C024 /* MGFormPicker.swift in Sources */,
				706DB6C129B9E006002F22C7 /* MGConfigurationDownloadViewModel.swift in Sources */,
				701811DC29A32D7A005E5CDB /* MGConstant+Xray.swift in Sources */,
				702D9087299B2B4500B83324 /* MGIPV6View.swift in Sources */,
				7000C6D9295AED790005626E /* MGProviderViewModel.swift in Sources */,
				7000C6DE295D5F690005626E /* MGConnectedDurationView.swift in Sources */,
				708A48E1296295C50040184C /* MGPolicyGroupView.swift in Sources */,
				70DE0D6829A6114B00B3E343 /* MGApp.swift in Sources */,
				70B947B329613354006F6A38 /* MGAppDelegate.swift in Sources */,
				708B380329B0937600E24312 /* MGSniffingSettingView.swift in Sources */,
				70DE0D7029A62A5800B3E343 /* MGPacketTunnelManager.swift in Sources */,
				708B380829B0AA6200E24312 /* MGGEOAssetSettingView.swift in Sources */,
				708A48E3296299640040184C /* MGProxyListView.swift in Sources */,
			);
			runOnlyForDeploymentPostprocessing = 0;
		};
		70C9EDA629502C6500B6995B /* Sources */ = {
			isa = PBXSourcesBuildPhase;
			buildActionMask = 2147483647;
			files = (
				7084FC312965872200065DAF /* MGLogLevel.swift in Sources */,
				70C9EDB029502C6500B6995B /* PacketTunnelProvider.swift in Sources */,
				70DE0D6B29A611E100B3E343 /* MGKernel.swift in Sources */,
				70CEB89829A30C79003436C2 /* MGConstant.swift in Sources */,
				70B947A9295F302B006F6A38 /* Clash.swift in Sources */,
				7084FC1E295ECBC900065DAF /* MGAppMessage.swift in Sources */,
				708B385D29B81D3D00E24312 /* MGPacketTunnelProvide.swift in Sources */,
				701811DA29A32D71005E5CDB /* MGConstant+Clash.swift in Sources */,
				708B386029B81DDA00E24312 /* MGNotification.swift in Sources */,
				7084FC21295ECC7400065DAF /* MGTunnelMode.swift in Sources */,
			);
			runOnlyForDeploymentPostprocessing = 0;
		};
/* End PBXSourcesBuildPhase section */

/* Begin PBXTargetDependency section */
		702D9098299FA40600B83324 /* PBXTargetDependency */ = {
			isa = PBXTargetDependency;
			target = 702D908F299FA40600B83324 /* XrayTunnel */;
			targetProxy = 702D9097299FA40600B83324 /* PBXContainerItemProxy */;
		};
		70C9EDB429502C6500B6995B /* PBXTargetDependency */ = {
			isa = PBXTargetDependency;
			target = 70C9EDA929502C6500B6995B /* ClashTunnel */;
			targetProxy = 70C9EDB329502C6500B6995B /* PBXContainerItemProxy */;
		};
/* End PBXTargetDependency section */

/* Begin XCBuildConfiguration section */
		702D909B299FA40600B83324 /* Debug */ = {
			isa = XCBuildConfiguration;
			buildSettings = {
				CODE_SIGN_ENTITLEMENTS = XrayTunnel/XrayTunnel.entitlements;
				CODE_SIGN_STYLE = Automatic;
				GENERATE_INFOPLIST_FILE = YES;
				INFOPLIST_FILE = XrayTunnel/Info.plist;
				INFOPLIST_KEY_CFBundleDisplayName = XrayTunnel;
				INFOPLIST_KEY_NSHumanReadableCopyright = "";
				LD_RUNPATH_SEARCH_PATHS = (
					"$(inherited)",
					"@executable_path/Frameworks",
					"@executable_path/../../Frameworks",
				);
				LIBRARY_SEARCH_PATHS = (
					"$(inherited)",
					"$(PROJECT_DIR)/XrayTunnel",
				);
				PRODUCT_BUNDLE_IDENTIFIER = "${APP_ID}.${TUNNEL_BUNDLE_SUFFIX_XRAY}";
				PRODUCT_NAME = "$(TARGET_NAME)";
				SKIP_INSTALL = YES;
				SWIFT_EMIT_LOC_STRINGS = YES;
				SWIFT_VERSION = 5.0;
			};
			name = Debug;
		};
		702D909C299FA40600B83324 /* Release */ = {
			isa = XCBuildConfiguration;
			buildSettings = {
				CODE_SIGN_ENTITLEMENTS = XrayTunnel/XrayTunnel.entitlements;
				CODE_SIGN_STYLE = Automatic;
				GENERATE_INFOPLIST_FILE = YES;
				INFOPLIST_FILE = XrayTunnel/Info.plist;
				INFOPLIST_KEY_CFBundleDisplayName = XrayTunnel;
				INFOPLIST_KEY_NSHumanReadableCopyright = "";
				LD_RUNPATH_SEARCH_PATHS = (
					"$(inherited)",
					"@executable_path/Frameworks",
					"@executable_path/../../Frameworks",
				);
				LIBRARY_SEARCH_PATHS = (
					"$(inherited)",
					"$(PROJECT_DIR)/XrayTunnel",
				);
				PRODUCT_BUNDLE_IDENTIFIER = "${APP_ID}.${TUNNEL_BUNDLE_SUFFIX_XRAY}";
				PRODUCT_NAME = "$(TARGET_NAME)";
				SKIP_INSTALL = YES;
				SWIFT_EMIT_LOC_STRINGS = YES;
				SWIFT_VERSION = 5.0;
			};
			name = Release;
		};
		70C9EDA129501D5C00B6995B /* Debug */ = {
			isa = XCBuildConfiguration;
			baseConfigurationReference = 7084FC242963FB8A00065DAF /* Config.xcconfig */;
			buildSettings = {
				ALWAYS_SEARCH_USER_PATHS = NO;
				CLANG_ANALYZER_NONNULL = YES;
				CLANG_ANALYZER_NUMBER_OBJECT_CONVERSION = YES_AGGRESSIVE;
				CLANG_CXX_LANGUAGE_STANDARD = "gnu++20";
				CLANG_ENABLE_MODULES = YES;
				CLANG_ENABLE_OBJC_ARC = YES;
				CLANG_ENABLE_OBJC_WEAK = YES;
				CLANG_WARN_BLOCK_CAPTURE_AUTORELEASING = YES;
				CLANG_WARN_BOOL_CONVERSION = YES;
				CLANG_WARN_COMMA = YES;
				CLANG_WARN_CONSTANT_CONVERSION = YES;
				CLANG_WARN_DEPRECATED_OBJC_IMPLEMENTATIONS = YES;
				CLANG_WARN_DIRECT_OBJC_ISA_USAGE = YES_ERROR;
				CLANG_WARN_DOCUMENTATION_COMMENTS = YES;
				CLANG_WARN_EMPTY_BODY = YES;
				CLANG_WARN_ENUM_CONVERSION = YES;
				CLANG_WARN_INFINITE_RECURSION = YES;
				CLANG_WARN_INT_CONVERSION = YES;
				CLANG_WARN_NON_LITERAL_NULL_CONVERSION = YES;
				CLANG_WARN_OBJC_IMPLICIT_RETAIN_SELF = YES;
				CLANG_WARN_OBJC_LITERAL_CONVERSION = YES;
				CLANG_WARN_OBJC_ROOT_CLASS = YES_ERROR;
				CLANG_WARN_QUOTED_INCLUDE_IN_FRAMEWORK_HEADER = YES;
				CLANG_WARN_RANGE_LOOP_ANALYSIS = YES;
				CLANG_WARN_STRICT_PROTOTYPES = YES;
				CLANG_WARN_SUSPICIOUS_MOVE = YES;
				CLANG_WARN_UNGUARDED_AVAILABILITY = YES_AGGRESSIVE;
				CLANG_WARN_UNREACHABLE_CODE = YES;
				CLANG_WARN__DUPLICATE_METHOD_MATCH = YES;
				COPY_PHASE_STRIP = NO;
				DEBUG_INFORMATION_FORMAT = dwarf;
				ENABLE_STRICT_OBJC_MSGSEND = YES;
				ENABLE_TESTABILITY = YES;
				GCC_C_LANGUAGE_STANDARD = gnu11;
				GCC_DYNAMIC_NO_PIC = NO;
				GCC_NO_COMMON_BLOCKS = YES;
				GCC_OPTIMIZATION_LEVEL = 0;
				GCC_PREPROCESSOR_DEFINITIONS = (
					"DEBUG=1",
					"$(inherited)",
				);
				GCC_WARN_64_TO_32_BIT_CONVERSION = YES;
				GCC_WARN_ABOUT_RETURN_TYPE = YES_ERROR;
				GCC_WARN_UNDECLARED_SELECTOR = YES;
				GCC_WARN_UNINITIALIZED_AUTOS = YES_AGGRESSIVE;
				GCC_WARN_UNUSED_FUNCTION = YES;
				GCC_WARN_UNUSED_VARIABLE = YES;
				IPHONEOS_DEPLOYMENT_TARGET = 16.0;
				MTL_ENABLE_DEBUG_INFO = INCLUDE_SOURCE;
				MTL_FAST_MATH = YES;
				ONLY_ACTIVE_ARCH = YES;
				SDKROOT = iphoneos;
				SWIFT_ACTIVE_COMPILATION_CONDITIONS = DEBUG;
				SWIFT_OPTIMIZATION_LEVEL = "-Onone";
			};
			name = Debug;
		};
		70C9EDA229501D5C00B6995B /* Release */ = {
			isa = XCBuildConfiguration;
			baseConfigurationReference = 7084FC242963FB8A00065DAF /* Config.xcconfig */;
			buildSettings = {
				ALWAYS_SEARCH_USER_PATHS = NO;
				CLANG_ANALYZER_NONNULL = YES;
				CLANG_ANALYZER_NUMBER_OBJECT_CONVERSION = YES_AGGRESSIVE;
				CLANG_CXX_LANGUAGE_STANDARD = "gnu++20";
				CLANG_ENABLE_MODULES = YES;
				CLANG_ENABLE_OBJC_ARC = YES;
				CLANG_ENABLE_OBJC_WEAK = YES;
				CLANG_WARN_BLOCK_CAPTURE_AUTORELEASING = YES;
				CLANG_WARN_BOOL_CONVERSION = YES;
				CLANG_WARN_COMMA = YES;
				CLANG_WARN_CONSTANT_CONVERSION = YES;
				CLANG_WARN_DEPRECATED_OBJC_IMPLEMENTATIONS = YES;
				CLANG_WARN_DIRECT_OBJC_ISA_USAGE = YES_ERROR;
				CLANG_WARN_DOCUMENTATION_COMMENTS = YES;
				CLANG_WARN_EMPTY_BODY = YES;
				CLANG_WARN_ENUM_CONVERSION = YES;
				CLANG_WARN_INFINITE_RECURSION = YES;
				CLANG_WARN_INT_CONVERSION = YES;
				CLANG_WARN_NON_LITERAL_NULL_CONVERSION = YES;
				CLANG_WARN_OBJC_IMPLICIT_RETAIN_SELF = YES;
				CLANG_WARN_OBJC_LITERAL_CONVERSION = YES;
				CLANG_WARN_OBJC_ROOT_CLASS = YES_ERROR;
				CLANG_WARN_QUOTED_INCLUDE_IN_FRAMEWORK_HEADER = YES;
				CLANG_WARN_RANGE_LOOP_ANALYSIS = YES;
				CLANG_WARN_STRICT_PROTOTYPES = YES;
				CLANG_WARN_SUSPICIOUS_MOVE = YES;
				CLANG_WARN_UNGUARDED_AVAILABILITY = YES_AGGRESSIVE;
				CLANG_WARN_UNREACHABLE_CODE = YES;
				CLANG_WARN__DUPLICATE_METHOD_MATCH = YES;
				COPY_PHASE_STRIP = NO;
				DEBUG_INFORMATION_FORMAT = "dwarf-with-dsym";
				ENABLE_NS_ASSERTIONS = NO;
				ENABLE_STRICT_OBJC_MSGSEND = YES;
				GCC_C_LANGUAGE_STANDARD = gnu11;
				GCC_NO_COMMON_BLOCKS = YES;
				GCC_WARN_64_TO_32_BIT_CONVERSION = YES;
				GCC_WARN_ABOUT_RETURN_TYPE = YES_ERROR;
				GCC_WARN_UNDECLARED_SELECTOR = YES;
				GCC_WARN_UNINITIALIZED_AUTOS = YES_AGGRESSIVE;
				GCC_WARN_UNUSED_FUNCTION = YES;
				GCC_WARN_UNUSED_VARIABLE = YES;
				IPHONEOS_DEPLOYMENT_TARGET = 16.0;
				MTL_ENABLE_DEBUG_INFO = NO;
				MTL_FAST_MATH = YES;
				SDKROOT = iphoneos;
				SWIFT_COMPILATION_MODE = wholemodule;
				SWIFT_OPTIMIZATION_LEVEL = "-O";
				VALIDATE_PRODUCT = YES;
			};
			name = Release;
		};
		70C9EDA429501D5C00B6995B /* Debug */ = {
			isa = XCBuildConfiguration;
			buildSettings = {
				ALWAYS_EMBED_SWIFT_STANDARD_LIBRARIES = YES;
				ASSETCATALOG_COMPILER_APPICON_NAME = AppIcon;
				ASSETCATALOG_COMPILER_GLOBAL_ACCENT_COLOR_NAME = AccentColor;
				CODE_SIGN_ENTITLEMENTS = Mango/Mango.entitlements;
				CODE_SIGN_STYLE = Automatic;
				DEVELOPMENT_ASSET_PATHS = "\"Mango/Preview Content\"";
				ENABLE_PREVIEWS = YES;
				GENERATE_INFOPLIST_FILE = YES;
				INFOPLIST_FILE = Mango/Info.plist;
				INFOPLIST_KEY_CFBundleDisplayName = Mango;
				INFOPLIST_KEY_LSApplicationCategoryType = "public.app-category.utilities";
				INFOPLIST_KEY_UIApplicationSceneManifest_Generation = YES;
				INFOPLIST_KEY_UIApplicationSupportsIndirectInputEvents = YES;
				INFOPLIST_KEY_UILaunchScreen_Generation = YES;
				INFOPLIST_KEY_UISupportedInterfaceOrientations = UIInterfaceOrientationPortrait;
				INFOPLIST_KEY_UISupportedInterfaceOrientations_iPad = "UIInterfaceOrientationLandscapeLeft UIInterfaceOrientationLandscapeRight UIInterfaceOrientationPortrait UIInterfaceOrientationPortraitUpsideDown";
				LD_RUNPATH_SEARCH_PATHS = (
					"$(inherited)",
					"@executable_path/Frameworks",
				);
				PRODUCT_BUNDLE_IDENTIFIER = "${APP_ID}";
				PRODUCT_NAME = "$(TARGET_NAME)";
				SUPPORTED_PLATFORMS = "iphoneos iphonesimulator";
				SUPPORTS_MACCATALYST = NO;
				SUPPORTS_MAC_DESIGNED_FOR_IPHONE_IPAD = NO;
				SWIFT_EMIT_LOC_STRINGS = YES;
				SWIFT_VERSION = 5.0;
			};
			name = Debug;
		};
		70C9EDA529501D5C00B6995B /* Release */ = {
			isa = XCBuildConfiguration;
			buildSettings = {
				ALWAYS_EMBED_SWIFT_STANDARD_LIBRARIES = YES;
				ASSETCATALOG_COMPILER_APPICON_NAME = AppIcon;
				ASSETCATALOG_COMPILER_GLOBAL_ACCENT_COLOR_NAME = AccentColor;
				CODE_SIGN_ENTITLEMENTS = Mango/Mango.entitlements;
				CODE_SIGN_STYLE = Automatic;
				DEVELOPMENT_ASSET_PATHS = "\"Mango/Preview Content\"";
				ENABLE_PREVIEWS = YES;
				GENERATE_INFOPLIST_FILE = YES;
				INFOPLIST_FILE = Mango/Info.plist;
				INFOPLIST_KEY_CFBundleDisplayName = Mango;
				INFOPLIST_KEY_LSApplicationCategoryType = "public.app-category.utilities";
				INFOPLIST_KEY_UIApplicationSceneManifest_Generation = YES;
				INFOPLIST_KEY_UIApplicationSupportsIndirectInputEvents = YES;
				INFOPLIST_KEY_UILaunchScreen_Generation = YES;
				INFOPLIST_KEY_UISupportedInterfaceOrientations = UIInterfaceOrientationPortrait;
				INFOPLIST_KEY_UISupportedInterfaceOrientations_iPad = "UIInterfaceOrientationLandscapeLeft UIInterfaceOrientationLandscapeRight UIInterfaceOrientationPortrait UIInterfaceOrientationPortraitUpsideDown";
				LD_RUNPATH_SEARCH_PATHS = (
					"$(inherited)",
					"@executable_path/Frameworks",
				);
				PRODUCT_BUNDLE_IDENTIFIER = "${APP_ID}";
				PRODUCT_NAME = "$(TARGET_NAME)";
				SUPPORTED_PLATFORMS = "iphoneos iphonesimulator";
				SUPPORTS_MACCATALYST = NO;
				SUPPORTS_MAC_DESIGNED_FOR_IPHONE_IPAD = NO;
				SWIFT_EMIT_LOC_STRINGS = YES;
				SWIFT_VERSION = 5.0;
			};
			name = Release;
		};
		70C9EDB729502C6500B6995B /* Debug */ = {
			isa = XCBuildConfiguration;
			buildSettings = {
				CODE_SIGN_ENTITLEMENTS = ClashTunnel/ClashTunnel.entitlements;
				CODE_SIGN_STYLE = Automatic;
				GENERATE_INFOPLIST_FILE = YES;
				INFOPLIST_FILE = ClashTunnel/Info.plist;
				INFOPLIST_KEY_CFBundleDisplayName = ClashTunnel;
				INFOPLIST_KEY_NSHumanReadableCopyright = "";
				LD_RUNPATH_SEARCH_PATHS = (
					"$(inherited)",
					"@executable_path/Frameworks",
					"@executable_path/../../Frameworks",
				);
				LIBRARY_SEARCH_PATHS = (
					"$(inherited)",
					"$(PROJECT_DIR)/ClashTunnel",
				);
				PRODUCT_BUNDLE_IDENTIFIER = "${APP_ID}.${TUNNEL_BUNDLE_SUFFIX_CLASH}";
				PRODUCT_NAME = "$(TARGET_NAME)";
				SKIP_INSTALL = YES;
				SWIFT_EMIT_LOC_STRINGS = YES;
				SWIFT_VERSION = 5.0;
			};
			name = Debug;
		};
		70C9EDB829502C6500B6995B /* Release */ = {
			isa = XCBuildConfiguration;
			buildSettings = {
				CODE_SIGN_ENTITLEMENTS = ClashTunnel/ClashTunnel.entitlements;
				CODE_SIGN_STYLE = Automatic;
				GENERATE_INFOPLIST_FILE = YES;
				INFOPLIST_FILE = ClashTunnel/Info.plist;
				INFOPLIST_KEY_CFBundleDisplayName = ClashTunnel;
				INFOPLIST_KEY_NSHumanReadableCopyright = "";
				LD_RUNPATH_SEARCH_PATHS = (
					"$(inherited)",
					"@executable_path/Frameworks",
					"@executable_path/../../Frameworks",
				);
				LIBRARY_SEARCH_PATHS = (
					"$(inherited)",
					"$(PROJECT_DIR)/ClashTunnel",
				);
				PRODUCT_BUNDLE_IDENTIFIER = "${APP_ID}.${TUNNEL_BUNDLE_SUFFIX_CLASH}";
				PRODUCT_NAME = "$(TARGET_NAME)";
				SKIP_INSTALL = YES;
				SWIFT_EMIT_LOC_STRINGS = YES;
				SWIFT_VERSION = 5.0;
			};
			name = Release;
		};
/* End XCBuildConfiguration section */

/* Begin XCConfigurationList section */
		702D909A299FA40600B83324 /* Build configuration list for PBXNativeTarget "XrayTunnel" */ = {
			isa = XCConfigurationList;
			buildConfigurations = (
				702D909B299FA40600B83324 /* Debug */,
				702D909C299FA40600B83324 /* Release */,
			);
			defaultConfigurationIsVisible = 0;
			defaultConfigurationName = Release;
		};
		70C9ED9029501D5B00B6995B /* Build configuration list for PBXProject "Mango" */ = {
			isa = XCConfigurationList;
			buildConfigurations = (
				70C9EDA129501D5C00B6995B /* Debug */,
				70C9EDA229501D5C00B6995B /* Release */,
			);
			defaultConfigurationIsVisible = 0;
			defaultConfigurationName = Release;
		};
		70C9EDA329501D5C00B6995B /* Build configuration list for PBXNativeTarget "Mango" */ = {
			isa = XCConfigurationList;
			buildConfigurations = (
				70C9EDA429501D5C00B6995B /* Debug */,
				70C9EDA529501D5C00B6995B /* Release */,
			);
			defaultConfigurationIsVisible = 0;
			defaultConfigurationName = Release;
		};
		70C9EDB929502C6500B6995B /* Build configuration list for PBXNativeTarget "ClashTunnel" */ = {
			isa = XCConfigurationList;
			buildConfigurations = (
				70C9EDB729502C6500B6995B /* Debug */,
				70C9EDB829502C6500B6995B /* Release */,
			);
			defaultConfigurationIsVisible = 0;
			defaultConfigurationName = Release;
		};
/* End XCConfigurationList section */

/* Begin XCRemoteSwiftPackageReference section */
		7069E00A29ADE79C0012C435 /* XCRemoteSwiftPackageReference "XrayKit" */ = {
			isa = XCRemoteSwiftPackageReference;
			repositoryURL = "https://github.com/daemooon/XrayKit.git";
			requirement = {
				kind = exactVersion;
				version = 0.1.29;
			};
		};
		7072264129A4647F00A38837 /* XCRemoteSwiftPackageReference "ClashKit" */ = {
			isa = XCRemoteSwiftPackageReference;
			repositoryURL = "https://github.com/daemooon/ClashKit.git";
			requirement = {
				kind = exactVersion;
				version = 1.8.17;
			};
		};
		708B37F829B036C500E24312 /* XCRemoteSwiftPackageReference "Tun2SocksKit" */ = {
			isa = XCRemoteSwiftPackageReference;
			repositoryURL = "https://github.com/daemooon/Tun2SocksKit.git";
			requirement = {
				kind = exactVersion;
				version = 2.1.6;
			};
		};
/* End XCRemoteSwiftPackageReference section */

/* Begin XCSwiftPackageProductDependency section */
		7069E00B29ADE79C0012C435 /* XrayKit */ = {
			isa = XCSwiftPackageProductDependency;
			package = 7069E00A29ADE79C0012C435 /* XCRemoteSwiftPackageReference "XrayKit" */;
			productName = XrayKit;
		};
		7072264229A4648000A38837 /* ClashKit */ = {
			isa = XCSwiftPackageProductDependency;
			package = 7072264129A4647F00A38837 /* XCRemoteSwiftPackageReference "ClashKit" */;
			productName = ClashKit;
		};
		708B385A29B81CEB00E24312 /* Tun2SocksKit */ = {
			isa = XCSwiftPackageProductDependency;
			package = 708B37F829B036C500E24312 /* XCRemoteSwiftPackageReference "Tun2SocksKit" */;
			productName = Tun2SocksKit;
		};
/* End XCSwiftPackageProductDependency section */
	};
	rootObject = 70C9ED8D29501D5B00B6995B /* Project object */;
}
