// !$*UTF8*$!
{
	archiveVersion = 1;
	classes = {
	};
	objectVersion = 56;
	objects = {

/* Begin PBXBuildFile section */
		7000C6D6295AED790005626E /* CFIProvidersManager.swift in Sources */ = {isa = PBXBuildFile; fileRef = 7000C6D1295AED790005626E /* CFIProvidersManager.swift */; };
		7000C6D7295AED790005626E /* CFIProxyViewModel.swift in Sources */ = {isa = PBXBuildFile; fileRef = 7000C6D2295AED790005626E /* CFIProxyViewModel.swift */; };
		7000C6D8295AED790005626E /* CFIProxyModel.swift in Sources */ = {isa = PBXBuildFile; fileRef = 7000C6D3295AED790005626E /* CFIProxyModel.swift */; };
		7000C6D9295AED790005626E /* CFIProviderViewModel.swift in Sources */ = {isa = PBXBuildFile; fileRef = 7000C6D4295AED790005626E /* CFIProviderViewModel.swift */; };
		7000C6DA295AED790005626E /* CFIUpdatableViewModel.swift in Sources */ = {isa = PBXBuildFile; fileRef = 7000C6D5295AED790005626E /* CFIUpdatableViewModel.swift */; };
		7000C6DE295D5F690005626E /* CFIConnectedDurationView.swift in Sources */ = {isa = PBXBuildFile; fileRef = 7000C6DD295D5F690005626E /* CFIConnectedDurationView.swift */; };
		7000C6E0295D60A50005626E /* CFITunnelModeView.swift in Sources */ = {isa = PBXBuildFile; fileRef = 7000C6DF295D60A50005626E /* CFITunnelModeView.swift */; };
		7000C6E4295D635F0005626E /* CFIControlView.swift in Sources */ = {isa = PBXBuildFile; fileRef = 7000C6E3295D635F0005626E /* CFIControlView.swift */; };
		7015F0DD296C5C25003E6A7D /* ClashKit in Frameworks */ = {isa = PBXBuildFile; productRef = 7015F0DC296C5C25003E6A7D /* ClashKit */; };
		702D9087299B2B4500B83324 /* CFIIPV6View.swift in Sources */ = {isa = PBXBuildFile; fileRef = 702D9086299B2B4500B83324 /* CFIIPV6View.swift */; };
		702D908A299B58A400B83324 /* CFINotification.swift in Sources */ = {isa = PBXBuildFile; fileRef = 702D9089299B58A400B83324 /* CFINotification.swift */; };
		702D908B299B58A400B83324 /* CFINotification.swift in Sources */ = {isa = PBXBuildFile; fileRef = 702D9089299B58A400B83324 /* CFINotification.swift */; };
		70615814296815260005C024 /* CFIAccentColorView.swift in Sources */ = {isa = PBXBuildFile; fileRef = 70615813296815260005C024 /* CFIAccentColorView.swift */; };
		7061581629695E6A0005C024 /* CFIFormPicker.swift in Sources */ = {isa = PBXBuildFile; fileRef = 7061581529695E6A0005C024 /* CFIFormPicker.swift */; };
		70615839298620F20005C024 /* CFITrafficFormatter.swift in Sources */ = {isa = PBXBuildFile; fileRef = 70615838298620F20005C024 /* CFITrafficFormatter.swift */; };
		7084FC1D295ECBC900065DAF /* CFIAppMessage.swift in Sources */ = {isa = PBXBuildFile; fileRef = 7084FC1C295ECBC900065DAF /* CFIAppMessage.swift */; };
		7084FC1E295ECBC900065DAF /* CFIAppMessage.swift in Sources */ = {isa = PBXBuildFile; fileRef = 7084FC1C295ECBC900065DAF /* CFIAppMessage.swift */; };
		7084FC20295ECC7400065DAF /* CFITunnelMode.swift in Sources */ = {isa = PBXBuildFile; fileRef = 7084FC1F295ECC7400065DAF /* CFITunnelMode.swift */; };
		7084FC21295ECC7400065DAF /* CFITunnelMode.swift in Sources */ = {isa = PBXBuildFile; fileRef = 7084FC1F295ECC7400065DAF /* CFITunnelMode.swift */; };
		7084FC302965872200065DAF /* CFILogLevel.swift in Sources */ = {isa = PBXBuildFile; fileRef = 7084FC2F2965872200065DAF /* CFILogLevel.swift */; };
		7084FC312965872200065DAF /* CFILogLevel.swift in Sources */ = {isa = PBXBuildFile; fileRef = 7084FC2F2965872200065DAF /* CFILogLevel.swift */; };
		7084FC33296587C600065DAF /* CFILogLevelView.swift in Sources */ = {isa = PBXBuildFile; fileRef = 7084FC32296587C600065DAF /* CFILogLevelView.swift */; };
		7084FC362967B8AC00065DAF /* CFIGeoIPSettingView.swift in Sources */ = {isa = PBXBuildFile; fileRef = 7084FC352967B8AC00065DAF /* CFIGeoIPSettingView.swift */; };
		7084FC382967DB7300065DAF /* CFIGeoIPView.swift in Sources */ = {isa = PBXBuildFile; fileRef = 7084FC372967DB7300065DAF /* CFIGeoIPView.swift */; };
		7084FC3A2967E6FD00065DAF /* CFIGEOIPManager.swift in Sources */ = {isa = PBXBuildFile; fileRef = 7084FC392967E6FD00065DAF /* CFIGEOIPManager.swift */; };
		7084FC3C29680A2200065DAF /* CFIAccentColor.swift in Sources */ = {isa = PBXBuildFile; fileRef = 7084FC3B29680A2200065DAF /* CFIAccentColor.swift */; };
		708A48E1296295C50040184C /* CFIPolicyGroupView.swift in Sources */ = {isa = PBXBuildFile; fileRef = 708A48E0296295C50040184C /* CFIPolicyGroupView.swift */; };
		708A48E3296299640040184C /* CFIProxyListView.swift in Sources */ = {isa = PBXBuildFile; fileRef = 708A48E2296299640040184C /* CFIProxyListView.swift */; };
		708A48E82962A4540040184C /* CFIIcon.swift in Sources */ = {isa = PBXBuildFile; fileRef = 708A48E72962A4540040184C /* CFIIcon.swift */; };
		708A48EA2962AA2B0040184C /* CFIAppearanceView.swift in Sources */ = {isa = PBXBuildFile; fileRef = 708A48E92962AA2B0040184C /* CFIAppearanceView.swift */; };
		708A48EC2962AD740040184C /* CFIAppearance.swift in Sources */ = {isa = PBXBuildFile; fileRef = 708A48EB2962AD740040184C /* CFIAppearance.swift */; };
		70B947A9295F302B006F6A38 /* Clash.swift in Sources */ = {isa = PBXBuildFile; fileRef = 70B947A8295F302B006F6A38 /* Clash.swift */; };
		70B947AF29612F46006F6A38 /* CFISubscribeView.swift in Sources */ = {isa = PBXBuildFile; fileRef = 70B947AE29612F46006F6A38 /* CFISubscribeView.swift */; };
		70B947B129613321006F6A38 /* CFISubscribeManager.swift in Sources */ = {isa = PBXBuildFile; fileRef = 70B947B029613321006F6A38 /* CFISubscribeManager.swift */; };
		70B947B329613354006F6A38 /* AppDelegate.swift in Sources */ = {isa = PBXBuildFile; fileRef = 70B947B229613354006F6A38 /* AppDelegate.swift */; };
		70C9ED9929501D5B00B6995B /* CFIApp.swift in Sources */ = {isa = PBXBuildFile; fileRef = 70C9ED9829501D5B00B6995B /* CFIApp.swift */; };
		70C9ED9B29501D5B00B6995B /* CFIContentView.swift in Sources */ = {isa = PBXBuildFile; fileRef = 70C9ED9A29501D5B00B6995B /* CFIContentView.swift */; };
		70C9ED9D29501D5C00B6995B /* Assets.xcassets in Resources */ = {isa = PBXBuildFile; fileRef = 70C9ED9C29501D5C00B6995B /* Assets.xcassets */; };
		70C9EDA029501D5C00B6995B /* Preview Assets.xcassets in Resources */ = {isa = PBXBuildFile; fileRef = 70C9ED9F29501D5C00B6995B /* Preview Assets.xcassets */; };
		70C9EDAD29502C6500B6995B /* NetworkExtension.framework in Frameworks */ = {isa = PBXBuildFile; fileRef = 70C9EDAC29502C6500B6995B /* NetworkExtension.framework */; };
		70C9EDB029502C6500B6995B /* PacketTunnelProvider.swift in Sources */ = {isa = PBXBuildFile; fileRef = 70C9EDAF29502C6500B6995B /* PacketTunnelProvider.swift */; };
		70C9EDB529502C6500B6995B /* PacketTunnel.appex in Embed Foundation Extensions */ = {isa = PBXBuildFile; fileRef = 70C9EDAA29502C6500B6995B /* PacketTunnel.appex */; settings = {ATTRIBUTES = (RemoveHeadersOnCopy, ); }; };
		70C9EDBE29502D3500B6995B /* CFIPacketTunnelManager.swift in Sources */ = {isa = PBXBuildFile; fileRef = 70C9EDBD29502D3500B6995B /* CFIPacketTunnelManager.swift */; };
		70C9EDCA2950565400B6995B /* CFISettingView.swift in Sources */ = {isa = PBXBuildFile; fileRef = 70C9EDC92950565400B6995B /* CFISettingView.swift */; };
		70C9EDCC295057DB00B6995B /* CFIProviderListView.swift in Sources */ = {isa = PBXBuildFile; fileRef = 70C9EDCB295057DB00B6995B /* CFIProviderListView.swift */; };
		70C9EDD12951469E00B6995B /* CFIConstant.swift in Sources */ = {isa = PBXBuildFile; fileRef = 70C9EDD02951469E00B6995B /* CFIConstant.swift */; };
		70C9EDD22951469E00B6995B /* CFIConstant.swift in Sources */ = {isa = PBXBuildFile; fileRef = 70C9EDD02951469E00B6995B /* CFIConstant.swift */; };
		70C9EDD82951587D00B6995B /* CFIResetButton.swift in Sources */ = {isa = PBXBuildFile; fileRef = 70C9EDD72951587D00B6995B /* CFIResetButton.swift */; };
		70C9EDDA2951841E00B6995B /* CFISubscribeListView.swift in Sources */ = {isa = PBXBuildFile; fileRef = 70C9EDD92951841E00B6995B /* CFISubscribeListView.swift */; };
/* End PBXBuildFile section */

/* Begin PBXContainerItemProxy section */
		70C9EDB329502C6500B6995B /* PBXContainerItemProxy */ = {
			isa = PBXContainerItemProxy;
			containerPortal = 70C9ED8D29501D5B00B6995B /* Project object */;
			proxyType = 1;
			remoteGlobalIDString = 70C9EDA929502C6500B6995B;
			remoteInfo = PacketTunnel;
		};
/* End PBXContainerItemProxy section */

/* Begin PBXCopyFilesBuildPhase section */
		70C9EDB629502C6500B6995B /* Embed Foundation Extensions */ = {
			isa = PBXCopyFilesBuildPhase;
			buildActionMask = 2147483647;
			dstPath = "";
			dstSubfolderSpec = 13;
			files = (
				70C9EDB529502C6500B6995B /* PacketTunnel.appex in Embed Foundation Extensions */,
			);
			name = "Embed Foundation Extensions";
			runOnlyForDeploymentPostprocessing = 0;
		};
/* End PBXCopyFilesBuildPhase section */

/* Begin PBXFileReference section */
		7000C6D1295AED790005626E /* CFIProvidersManager.swift */ = {isa = PBXFileReference; fileEncoding = 4; lastKnownFileType = sourcecode.swift; path = CFIProvidersManager.swift; sourceTree = "<group>"; };
		7000C6D2295AED790005626E /* CFIProxyViewModel.swift */ = {isa = PBXFileReference; fileEncoding = 4; lastKnownFileType = sourcecode.swift; path = CFIProxyViewModel.swift; sourceTree = "<group>"; };
		7000C6D3295AED790005626E /* CFIProxyModel.swift */ = {isa = PBXFileReference; fileEncoding = 4; lastKnownFileType = sourcecode.swift; path = CFIProxyModel.swift; sourceTree = "<group>"; };
		7000C6D4295AED790005626E /* CFIProviderViewModel.swift */ = {isa = PBXFileReference; fileEncoding = 4; lastKnownFileType = sourcecode.swift; path = CFIProviderViewModel.swift; sourceTree = "<group>"; };
		7000C6D5295AED790005626E /* CFIUpdatableViewModel.swift */ = {isa = PBXFileReference; fileEncoding = 4; lastKnownFileType = sourcecode.swift; path = CFIUpdatableViewModel.swift; sourceTree = "<group>"; };
		7000C6DD295D5F690005626E /* CFIConnectedDurationView.swift */ = {isa = PBXFileReference; lastKnownFileType = sourcecode.swift; path = CFIConnectedDurationView.swift; sourceTree = "<group>"; };
		7000C6DF295D60A50005626E /* CFITunnelModeView.swift */ = {isa = PBXFileReference; lastKnownFileType = sourcecode.swift; path = CFITunnelModeView.swift; sourceTree = "<group>"; };
		7000C6E3295D635F0005626E /* CFIControlView.swift */ = {isa = PBXFileReference; lastKnownFileType = sourcecode.swift; path = CFIControlView.swift; sourceTree = "<group>"; };
		702D9086299B2B4500B83324 /* CFIIPV6View.swift */ = {isa = PBXFileReference; lastKnownFileType = sourcecode.swift; path = CFIIPV6View.swift; sourceTree = "<group>"; };
		702D9088299B54FD00B83324 /* README.txt */ = {isa = PBXFileReference; lastKnownFileType = text; path = README.txt; sourceTree = "<group>"; };
		702D9089299B58A400B83324 /* CFINotification.swift */ = {isa = PBXFileReference; lastKnownFileType = sourcecode.swift; path = CFINotification.swift; sourceTree = "<group>"; };
		70615813296815260005C024 /* CFIAccentColorView.swift */ = {isa = PBXFileReference; lastKnownFileType = sourcecode.swift; path = CFIAccentColorView.swift; sourceTree = "<group>"; };
		7061581529695E6A0005C024 /* CFIFormPicker.swift */ = {isa = PBXFileReference; lastKnownFileType = sourcecode.swift; path = CFIFormPicker.swift; sourceTree = "<group>"; };
		70615838298620F20005C024 /* CFITrafficFormatter.swift */ = {isa = PBXFileReference; lastKnownFileType = sourcecode.swift; path = CFITrafficFormatter.swift; sourceTree = "<group>"; };
		7084FC1C295ECBC900065DAF /* CFIAppMessage.swift */ = {isa = PBXFileReference; lastKnownFileType = sourcecode.swift; path = CFIAppMessage.swift; sourceTree = "<group>"; };
		7084FC1F295ECC7400065DAF /* CFITunnelMode.swift */ = {isa = PBXFileReference; lastKnownFileType = sourcecode.swift; path = CFITunnelMode.swift; sourceTree = "<group>"; };
		7084FC242963FB8A00065DAF /* Config.xcconfig */ = {isa = PBXFileReference; lastKnownFileType = text.xcconfig; path = Config.xcconfig; sourceTree = "<group>"; };
		7084FC252963FDE300065DAF /* Info.plist */ = {isa = PBXFileReference; lastKnownFileType = text.plist.xml; path = Info.plist; sourceTree = "<group>"; };
		7084FC2F2965872200065DAF /* CFILogLevel.swift */ = {isa = PBXFileReference; lastKnownFileType = sourcecode.swift; path = CFILogLevel.swift; sourceTree = "<group>"; };
		7084FC32296587C600065DAF /* CFILogLevelView.swift */ = {isa = PBXFileReference; lastKnownFileType = sourcecode.swift; path = CFILogLevelView.swift; sourceTree = "<group>"; };
		7084FC352967B8AC00065DAF /* CFIGeoIPSettingView.swift */ = {isa = PBXFileReference; lastKnownFileType = sourcecode.swift; path = CFIGeoIPSettingView.swift; sourceTree = "<group>"; };
		7084FC372967DB7300065DAF /* CFIGeoIPView.swift */ = {isa = PBXFileReference; lastKnownFileType = sourcecode.swift; path = CFIGeoIPView.swift; sourceTree = "<group>"; };
		7084FC392967E6FD00065DAF /* CFIGEOIPManager.swift */ = {isa = PBXFileReference; lastKnownFileType = sourcecode.swift; path = CFIGEOIPManager.swift; sourceTree = "<group>"; };
		7084FC3B29680A2200065DAF /* CFIAccentColor.swift */ = {isa = PBXFileReference; lastKnownFileType = sourcecode.swift; path = CFIAccentColor.swift; sourceTree = "<group>"; };
		708A48E0296295C50040184C /* CFIPolicyGroupView.swift */ = {isa = PBXFileReference; lastKnownFileType = sourcecode.swift; path = CFIPolicyGroupView.swift; sourceTree = "<group>"; };
		708A48E2296299640040184C /* CFIProxyListView.swift */ = {isa = PBXFileReference; lastKnownFileType = sourcecode.swift; path = CFIProxyListView.swift; sourceTree = "<group>"; };
		708A48E72962A4540040184C /* CFIIcon.swift */ = {isa = PBXFileReference; lastKnownFileType = sourcecode.swift; path = CFIIcon.swift; sourceTree = "<group>"; };
		708A48E92962AA2B0040184C /* CFIAppearanceView.swift */ = {isa = PBXFileReference; lastKnownFileType = sourcecode.swift; path = CFIAppearanceView.swift; sourceTree = "<group>"; };
		708A48EB2962AD740040184C /* CFIAppearance.swift */ = {isa = PBXFileReference; lastKnownFileType = sourcecode.swift; path = CFIAppearance.swift; sourceTree = "<group>"; };
		70B947A8295F302B006F6A38 /* Clash.swift */ = {isa = PBXFileReference; lastKnownFileType = sourcecode.swift; path = Clash.swift; sourceTree = "<group>"; };
		70B947AE29612F46006F6A38 /* CFISubscribeView.swift */ = {isa = PBXFileReference; lastKnownFileType = sourcecode.swift; path = CFISubscribeView.swift; sourceTree = "<group>"; };
		70B947B029613321006F6A38 /* CFISubscribeManager.swift */ = {isa = PBXFileReference; lastKnownFileType = sourcecode.swift; path = CFISubscribeManager.swift; sourceTree = "<group>"; };
		70B947B229613354006F6A38 /* AppDelegate.swift */ = {isa = PBXFileReference; lastKnownFileType = sourcecode.swift; path = AppDelegate.swift; sourceTree = "<group>"; };
		70C9ED9529501D5B00B6995B /* Clash.app */ = {isa = PBXFileReference; explicitFileType = wrapper.application; includeInIndex = 0; path = Clash.app; sourceTree = BUILT_PRODUCTS_DIR; };
		70C9ED9829501D5B00B6995B /* CFIApp.swift */ = {isa = PBXFileReference; lastKnownFileType = sourcecode.swift; path = CFIApp.swift; sourceTree = "<group>"; };
		70C9ED9A29501D5B00B6995B /* CFIContentView.swift */ = {isa = PBXFileReference; lastKnownFileType = sourcecode.swift; path = CFIContentView.swift; sourceTree = "<group>"; };
		70C9ED9C29501D5C00B6995B /* Assets.xcassets */ = {isa = PBXFileReference; lastKnownFileType = folder.assetcatalog; path = Assets.xcassets; sourceTree = "<group>"; };
		70C9ED9F29501D5C00B6995B /* Preview Assets.xcassets */ = {isa = PBXFileReference; lastKnownFileType = folder.assetcatalog; path = "Preview Assets.xcassets"; sourceTree = "<group>"; };
		70C9EDAA29502C6500B6995B /* PacketTunnel.appex */ = {isa = PBXFileReference; explicitFileType = "wrapper.app-extension"; includeInIndex = 0; path = PacketTunnel.appex; sourceTree = BUILT_PRODUCTS_DIR; };
		70C9EDAC29502C6500B6995B /* NetworkExtension.framework */ = {isa = PBXFileReference; lastKnownFileType = wrapper.framework; name = NetworkExtension.framework; path = System/Library/Frameworks/NetworkExtension.framework; sourceTree = SDKROOT; };
		70C9EDAF29502C6500B6995B /* PacketTunnelProvider.swift */ = {isa = PBXFileReference; lastKnownFileType = sourcecode.swift; path = PacketTunnelProvider.swift; sourceTree = "<group>"; };
		70C9EDB129502C6500B6995B /* Info.plist */ = {isa = PBXFileReference; lastKnownFileType = text.plist.xml; path = Info.plist; sourceTree = "<group>"; };
		70C9EDB229502C6500B6995B /* PacketTunnel.entitlements */ = {isa = PBXFileReference; lastKnownFileType = text.plist.entitlements; path = PacketTunnel.entitlements; sourceTree = "<group>"; };
		70C9EDBD29502D3500B6995B /* CFIPacketTunnelManager.swift */ = {isa = PBXFileReference; lastKnownFileType = sourcecode.swift; path = CFIPacketTunnelManager.swift; sourceTree = "<group>"; };
		70C9EDBF2950303900B6995B /* Clash.entitlements */ = {isa = PBXFileReference; lastKnownFileType = text.plist.entitlements; path = Clash.entitlements; sourceTree = "<group>"; };
		70C9EDC92950565400B6995B /* CFISettingView.swift */ = {isa = PBXFileReference; lastKnownFileType = sourcecode.swift; path = CFISettingView.swift; sourceTree = "<group>"; };
		70C9EDCB295057DB00B6995B /* CFIProviderListView.swift */ = {isa = PBXFileReference; lastKnownFileType = sourcecode.swift; path = CFIProviderListView.swift; sourceTree = "<group>"; };
		70C9EDD02951469E00B6995B /* CFIConstant.swift */ = {isa = PBXFileReference; lastKnownFileType = sourcecode.swift; path = CFIConstant.swift; sourceTree = "<group>"; };
		70C9EDD72951587D00B6995B /* CFIResetButton.swift */ = {isa = PBXFileReference; lastKnownFileType = sourcecode.swift; path = CFIResetButton.swift; sourceTree = "<group>"; };
		70C9EDD92951841E00B6995B /* CFISubscribeListView.swift */ = {isa = PBXFileReference; lastKnownFileType = sourcecode.swift; path = CFISubscribeListView.swift; sourceTree = "<group>"; };
/* End PBXFileReference section */

/* Begin PBXFrameworksBuildPhase section */
		70C9ED9229501D5B00B6995B /* Frameworks */ = {
			isa = PBXFrameworksBuildPhase;
			buildActionMask = 2147483647;
			files = (
			);
			runOnlyForDeploymentPostprocessing = 0;
		};
		70C9EDA729502C6500B6995B /* Frameworks */ = {
			isa = PBXFrameworksBuildPhase;
			buildActionMask = 2147483647;
			files = (
				70C9EDAD29502C6500B6995B /* NetworkExtension.framework in Frameworks */,
				7015F0DD296C5C25003E6A7D /* ClashKit in Frameworks */,
			);
			runOnlyForDeploymentPostprocessing = 0;
		};
/* End PBXFrameworksBuildPhase section */

/* Begin PBXGroup section */
		70B947AA295F378C006F6A38 /* Setting */ = {
			isa = PBXGroup;
			children = (
				70C9EDC92950565400B6995B /* CFISettingView.swift */,
				70C9EDD72951587D00B6995B /* CFIResetButton.swift */,
				708A48E92962AA2B0040184C /* CFIAppearanceView.swift */,
				70615813296815260005C024 /* CFIAccentColorView.swift */,
				7084FC32296587C600065DAF /* CFILogLevelView.swift */,
				7084FC372967DB7300065DAF /* CFIGeoIPView.swift */,
				7084FC352967B8AC00065DAF /* CFIGeoIPSettingView.swift */,
				702D9086299B2B4500B83324 /* CFIIPV6View.swift */,
			);
			path = Setting;
			sourceTree = "<group>";
		};
		70B947AB295F37AC006F6A38 /* Home */ = {
			isa = PBXGroup;
			children = (
				70B947AE29612F46006F6A38 /* CFISubscribeView.swift */,
				7000C6DF295D60A50005626E /* CFITunnelModeView.swift */,
				7000C6E3295D635F0005626E /* CFIControlView.swift */,
				7000C6DD295D5F690005626E /* CFIConnectedDurationView.swift */,
				708A48E0296295C50040184C /* CFIPolicyGroupView.swift */,
				70C9EDCB295057DB00B6995B /* CFIProviderListView.swift */,
				708A48E2296299640040184C /* CFIProxyListView.swift */,
			);
			path = Home;
			sourceTree = "<group>";
		};
		70B947AD29612F22006F6A38 /* Subscribe */ = {
			isa = PBXGroup;
			children = (
				70C9EDD92951841E00B6995B /* CFISubscribeListView.swift */,
			);
			path = Subscribe;
			sourceTree = "<group>";
		};
		70C9ED8C29501D5B00B6995B = {
			isa = PBXGroup;
			children = (
				702D9088299B54FD00B83324 /* README.txt */,
				7084FC242963FB8A00065DAF /* Config.xcconfig */,
				70C9EDCF295145DB00B6995B /* Shared */,
				70C9ED9729501D5B00B6995B /* Clash */,
				70C9EDAE29502C6500B6995B /* PacketTunnel */,
				70C9EDAB29502C6500B6995B /* Frameworks */,
				70C9ED9629501D5B00B6995B /* Products */,
			);
			sourceTree = "<group>";
		};
		70C9ED9629501D5B00B6995B /* Products */ = {
			isa = PBXGroup;
			children = (
				70C9ED9529501D5B00B6995B /* Clash.app */,
				70C9EDAA29502C6500B6995B /* PacketTunnel.appex */,
			);
			name = Products;
			sourceTree = "<group>";
		};
		70C9ED9729501D5B00B6995B /* Clash */ = {
			isa = PBXGroup;
			children = (
				70C9EDBF2950303900B6995B /* Clash.entitlements */,
				70B947B229613354006F6A38 /* AppDelegate.swift */,
				70C9ED9829501D5B00B6995B /* CFIApp.swift */,
				70C9ED9A29501D5B00B6995B /* CFIContentView.swift */,
				708A48EB2962AD740040184C /* CFIAppearance.swift */,
				7084FC3B29680A2200065DAF /* CFIAccentColor.swift */,
				70C9EDC02950415F00B6995B /* View */,
				70C9EDBA29502CF000B6995B /* Core */,
				70C9ED9C29501D5C00B6995B /* Assets.xcassets */,
				7084FC252963FDE300065DAF /* Info.plist */,
				70C9ED9E29501D5C00B6995B /* Preview Content */,
			);
			path = Clash;
			sourceTree = "<group>";
		};
		70C9ED9E29501D5C00B6995B /* Preview Content */ = {
			isa = PBXGroup;
			children = (
				70C9ED9F29501D5C00B6995B /* Preview Assets.xcassets */,
			);
			path = "Preview Content";
			sourceTree = "<group>";
		};
		70C9EDAB29502C6500B6995B /* Frameworks */ = {
			isa = PBXGroup;
			children = (
				70C9EDAC29502C6500B6995B /* NetworkExtension.framework */,
			);
			name = Frameworks;
			sourceTree = "<group>";
		};
		70C9EDAE29502C6500B6995B /* PacketTunnel */ = {
			isa = PBXGroup;
			children = (
				70B947A8295F302B006F6A38 /* Clash.swift */,
				70C9EDAF29502C6500B6995B /* PacketTunnelProvider.swift */,
				70C9EDB129502C6500B6995B /* Info.plist */,
				70C9EDB229502C6500B6995B /* PacketTunnel.entitlements */,
			);
			path = PacketTunnel;
			sourceTree = "<group>";
		};
		70C9EDBA29502CF000B6995B /* Core */ = {
			isa = PBXGroup;
			children = (
				70C9EDBD29502D3500B6995B /* CFIPacketTunnelManager.swift */,
				7000C6D1295AED790005626E /* CFIProvidersManager.swift */,
				7000C6D5295AED790005626E /* CFIUpdatableViewModel.swift */,
				7000C6D4295AED790005626E /* CFIProviderViewModel.swift */,
				7000C6D2295AED790005626E /* CFIProxyViewModel.swift */,
				7000C6D3295AED790005626E /* CFIProxyModel.swift */,
				70B947B029613321006F6A38 /* CFISubscribeManager.swift */,
				7084FC392967E6FD00065DAF /* CFIGEOIPManager.swift */,
				70615838298620F20005C024 /* CFITrafficFormatter.swift */,
			);
			path = Core;
			sourceTree = "<group>";
		};
		70C9EDC02950415F00B6995B /* View */ = {
			isa = PBXGroup;
			children = (
				708A48E72962A4540040184C /* CFIIcon.swift */,
				7061581529695E6A0005C024 /* CFIFormPicker.swift */,
				70B947AB295F37AC006F6A38 /* Home */,
				70B947AD29612F22006F6A38 /* Subscribe */,
				70B947AA295F378C006F6A38 /* Setting */,
			);
			path = View;
			sourceTree = "<group>";
		};
		70C9EDCF295145DB00B6995B /* Shared */ = {
			isa = PBXGroup;
			children = (
				70C9EDD02951469E00B6995B /* CFIConstant.swift */,
				7084FC1C295ECBC900065DAF /* CFIAppMessage.swift */,
				7084FC1F295ECC7400065DAF /* CFITunnelMode.swift */,
				7084FC2F2965872200065DAF /* CFILogLevel.swift */,
				702D9089299B58A400B83324 /* CFINotification.swift */,
			);
			path = Shared;
			sourceTree = "<group>";
		};
/* End PBXGroup section */

/* Begin PBXNativeTarget section */
		70C9ED9429501D5B00B6995B /* Clash */ = {
			isa = PBXNativeTarget;
			buildConfigurationList = 70C9EDA329501D5C00B6995B /* Build configuration list for PBXNativeTarget "Clash" */;
			buildPhases = (
				70C9ED9129501D5B00B6995B /* Sources */,
				70C9ED9229501D5B00B6995B /* Frameworks */,
				70C9ED9329501D5B00B6995B /* Resources */,
				70C9EDB629502C6500B6995B /* Embed Foundation Extensions */,
			);
			buildRules = (
			);
			dependencies = (
				70C9EDB429502C6500B6995B /* PBXTargetDependency */,
			);
			name = Clash;
			packageProductDependencies = (
			);
			productName = Clash;
			productReference = 70C9ED9529501D5B00B6995B /* Clash.app */;
			productType = "com.apple.product-type.application";
		};
		70C9EDA929502C6500B6995B /* PacketTunnel */ = {
			isa = PBXNativeTarget;
			buildConfigurationList = 70C9EDB929502C6500B6995B /* Build configuration list for PBXNativeTarget "PacketTunnel" */;
			buildPhases = (
				70C9EDA629502C6500B6995B /* Sources */,
				70C9EDA729502C6500B6995B /* Frameworks */,
				70C9EDA829502C6500B6995B /* Resources */,
			);
			buildRules = (
			);
			dependencies = (
				7015F0E6296C5DA7003E6A7D /* PBXTargetDependency */,
				7015F0E4296C5DA1003E6A7D /* PBXTargetDependency */,
			);
			name = PacketTunnel;
			packageProductDependencies = (
				7015F0DC296C5C25003E6A7D /* ClashKit */,
			);
			productName = PacketTunnel;
			productReference = 70C9EDAA29502C6500B6995B /* PacketTunnel.appex */;
			productType = "com.apple.product-type.app-extension";
		};
/* End PBXNativeTarget section */

/* Begin PBXProject section */
		70C9ED8D29501D5B00B6995B /* Project object */ = {
			isa = PBXProject;
			attributes = {
				BuildIndependentTargetsInParallel = 1;
				LastSwiftUpdateCheck = 1410;
				LastUpgradeCheck = 1410;
				TargetAttributes = {
					70C9ED9429501D5B00B6995B = {
						CreatedOnToolsVersion = 14.1;
					};
					70C9EDA929502C6500B6995B = {
						CreatedOnToolsVersion = 14.1;
					};
				};
			};
			buildConfigurationList = 70C9ED9029501D5B00B6995B /* Build configuration list for PBXProject "Clash" */;
			compatibilityVersion = "Xcode 14.0";
			developmentRegion = "zh-Hans";
			hasScannedForEncodings = 0;
			knownRegions = (
				"zh-Hans",
			);
			mainGroup = 70C9ED8C29501D5B00B6995B;
			packageReferences = (
				7015F0DB296C5C25003E6A7D /* XCRemoteSwiftPackageReference "ClashKit" */,
			);
			productRefGroup = 70C9ED9629501D5B00B6995B /* Products */;
			projectDirPath = "";
			projectRoot = "";
			targets = (
				70C9ED9429501D5B00B6995B /* Clash */,
				70C9EDA929502C6500B6995B /* PacketTunnel */,
			);
		};
/* End PBXProject section */

/* Begin PBXResourcesBuildPhase section */
		70C9ED9329501D5B00B6995B /* Resources */ = {
			isa = PBXResourcesBuildPhase;
			buildActionMask = 2147483647;
			files = (
				70C9EDA029501D5C00B6995B /* Preview Assets.xcassets in Resources */,
				70C9ED9D29501D5C00B6995B /* Assets.xcassets in Resources */,
			);
			runOnlyForDeploymentPostprocessing = 0;
		};
		70C9EDA829502C6500B6995B /* Resources */ = {
			isa = PBXResourcesBuildPhase;
			buildActionMask = 2147483647;
			files = (
			);
			runOnlyForDeploymentPostprocessing = 0;
		};
/* End PBXResourcesBuildPhase section */

/* Begin PBXSourcesBuildPhase section */
		70C9ED9129501D5B00B6995B /* Sources */ = {
			isa = PBXSourcesBuildPhase;
			buildActionMask = 2147483647;
			files = (
				70C9ED9B29501D5B00B6995B /* CFIContentView.swift in Sources */,
				702D908A299B58A400B83324 /* CFINotification.swift in Sources */,
				70C9EDDA2951841E00B6995B /* CFISubscribeListView.swift in Sources */,
				7084FC20295ECC7400065DAF /* CFITunnelMode.swift in Sources */,
				7000C6D7295AED790005626E /* CFIProxyViewModel.swift in Sources */,
				70C9EDCC295057DB00B6995B /* CFIProviderListView.swift in Sources */,
				7000C6E0295D60A50005626E /* CFITunnelModeView.swift in Sources */,
				70C9EDD82951587D00B6995B /* CFIResetButton.swift in Sources */,
				70615814296815260005C024 /* CFIAccentColorView.swift in Sources */,
				70C9EDBE29502D3500B6995B /* CFIPacketTunnelManager.swift in Sources */,
				7084FC302965872200065DAF /* CFILogLevel.swift in Sources */,
				7084FC382967DB7300065DAF /* CFIGeoIPView.swift in Sources */,
				70B947B129613321006F6A38 /* CFISubscribeManager.swift in Sources */,
				7000C6D6295AED790005626E /* CFIProvidersManager.swift in Sources */,
				7084FC362967B8AC00065DAF /* CFIGeoIPSettingView.swift in Sources */,
				70C9EDCA2950565400B6995B /* CFISettingView.swift in Sources */,
				70B947AF29612F46006F6A38 /* CFISubscribeView.swift in Sources */,
				70C9EDD12951469E00B6995B /* CFIConstant.swift in Sources */,
				7084FC3C29680A2200065DAF /* CFIAccentColor.swift in Sources */,
				7084FC3A2967E6FD00065DAF /* CFIGEOIPManager.swift in Sources */,
				7084FC33296587C600065DAF /* CFILogLevelView.swift in Sources */,
				70C9ED9929501D5B00B6995B /* CFIApp.swift in Sources */,
				708A48EC2962AD740040184C /* CFIAppearance.swift in Sources */,
				7000C6DA295AED790005626E /* CFIUpdatableViewModel.swift in Sources */,
				708A48E82962A4540040184C /* CFIIcon.swift in Sources */,
				7084FC1D295ECBC900065DAF /* CFIAppMessage.swift in Sources */,
				7000C6E4295D635F0005626E /* CFIControlView.swift in Sources */,
				7000C6D8295AED790005626E /* CFIProxyModel.swift in Sources */,
				708A48EA2962AA2B0040184C /* CFIAppearanceView.swift in Sources */,
				70615839298620F20005C024 /* CFITrafficFormatter.swift in Sources */,
				7061581629695E6A0005C024 /* CFIFormPicker.swift in Sources */,
				702D9087299B2B4500B83324 /* CFIIPV6View.swift in Sources */,
				7000C6D9295AED790005626E /* CFIProviderViewModel.swift in Sources */,
				7000C6DE295D5F690005626E /* CFIConnectedDurationView.swift in Sources */,
				708A48E1296295C50040184C /* CFIPolicyGroupView.swift in Sources */,
				70B947B329613354006F6A38 /* AppDelegate.swift in Sources */,
				708A48E3296299640040184C /* CFIProxyListView.swift in Sources */,
			);
			runOnlyForDeploymentPostprocessing = 0;
		};
		70C9EDA629502C6500B6995B /* Sources */ = {
			isa = PBXSourcesBuildPhase;
			buildActionMask = 2147483647;
			files = (
				7084FC312965872200065DAF /* CFILogLevel.swift in Sources */,
				70C9EDB029502C6500B6995B /* PacketTunnelProvider.swift in Sources */,
				70C9EDD22951469E00B6995B /* CFIConstant.swift in Sources */,
				702D908B299B58A400B83324 /* CFINotification.swift in Sources */,
				70B947A9295F302B006F6A38 /* Clash.swift in Sources */,
				7084FC1E295ECBC900065DAF /* CFIAppMessage.swift in Sources */,
				7084FC21295ECC7400065DAF /* CFITunnelMode.swift in Sources */,
			);
			runOnlyForDeploymentPostprocessing = 0;
		};
/* End PBXSourcesBuildPhase section */

/* Begin PBXTargetDependency section */
		7015F0E4296C5DA1003E6A7D /* PBXTargetDependency */ = {
			isa = PBXTargetDependency;
			productRef = 7015F0E3296C5DA1003E6A7D /* ClashKit */;
		};
		7015F0E6296C5DA7003E6A7D /* PBXTargetDependency */ = {
			isa = PBXTargetDependency;
			productRef = 7015F0E5296C5DA7003E6A7D /* Tun2SocksKit */;
		};
		70C9EDB429502C6500B6995B /* PBXTargetDependency */ = {
			isa = PBXTargetDependency;
			target = 70C9EDA929502C6500B6995B /* PacketTunnel */;
			targetProxy = 70C9EDB329502C6500B6995B /* PBXContainerItemProxy */;
		};
/* End PBXTargetDependency section */

/* Begin XCBuildConfiguration section */
		70C9EDA129501D5C00B6995B /* Debug */ = {
			isa = XCBuildConfiguration;
			baseConfigurationReference = 7084FC242963FB8A00065DAF /* Config.xcconfig */;
			buildSettings = {
				ALWAYS_SEARCH_USER_PATHS = NO;
				CLANG_ANALYZER_NONNULL = YES;
				CLANG_ANALYZER_NUMBER_OBJECT_CONVERSION = YES_AGGRESSIVE;
				CLANG_CXX_LANGUAGE_STANDARD = "gnu++20";
				CLANG_ENABLE_MODULES = YES;
				CLANG_ENABLE_OBJC_ARC = YES;
				CLANG_ENABLE_OBJC_WEAK = YES;
				CLANG_WARN_BLOCK_CAPTURE_AUTORELEASING = YES;
				CLANG_WARN_BOOL_CONVERSION = YES;
				CLANG_WARN_COMMA = YES;
				CLANG_WARN_CONSTANT_CONVERSION = YES;
				CLANG_WARN_DEPRECATED_OBJC_IMPLEMENTATIONS = YES;
				CLANG_WARN_DIRECT_OBJC_ISA_USAGE = YES_ERROR;
				CLANG_WARN_DOCUMENTATION_COMMENTS = YES;
				CLANG_WARN_EMPTY_BODY = YES;
				CLANG_WARN_ENUM_CONVERSION = YES;
				CLANG_WARN_INFINITE_RECURSION = YES;
				CLANG_WARN_INT_CONVERSION = YES;
				CLANG_WARN_NON_LITERAL_NULL_CONVERSION = YES;
				CLANG_WARN_OBJC_IMPLICIT_RETAIN_SELF = YES;
				CLANG_WARN_OBJC_LITERAL_CONVERSION = YES;
				CLANG_WARN_OBJC_ROOT_CLASS = YES_ERROR;
				CLANG_WARN_QUOTED_INCLUDE_IN_FRAMEWORK_HEADER = YES;
				CLANG_WARN_RANGE_LOOP_ANALYSIS = YES;
				CLANG_WARN_STRICT_PROTOTYPES = YES;
				CLANG_WARN_SUSPICIOUS_MOVE = YES;
				CLANG_WARN_UNGUARDED_AVAILABILITY = YES_AGGRESSIVE;
				CLANG_WARN_UNREACHABLE_CODE = YES;
				CLANG_WARN__DUPLICATE_METHOD_MATCH = YES;
				COPY_PHASE_STRIP = NO;
				DEBUG_INFORMATION_FORMAT = dwarf;
				ENABLE_STRICT_OBJC_MSGSEND = YES;
				ENABLE_TESTABILITY = YES;
				GCC_C_LANGUAGE_STANDARD = gnu11;
				GCC_DYNAMIC_NO_PIC = NO;
				GCC_NO_COMMON_BLOCKS = YES;
				GCC_OPTIMIZATION_LEVEL = 0;
				GCC_PREPROCESSOR_DEFINITIONS = (
					"DEBUG=1",
					"$(inherited)",
				);
				GCC_WARN_64_TO_32_BIT_CONVERSION = YES;
				GCC_WARN_ABOUT_RETURN_TYPE = YES_ERROR;
				GCC_WARN_UNDECLARED_SELECTOR = YES;
				GCC_WARN_UNINITIALIZED_AUTOS = YES_AGGRESSIVE;
				GCC_WARN_UNUSED_FUNCTION = YES;
				GCC_WARN_UNUSED_VARIABLE = YES;
				IPHONEOS_DEPLOYMENT_TARGET = 16.0;
				MTL_ENABLE_DEBUG_INFO = INCLUDE_SOURCE;
				MTL_FAST_MATH = YES;
				ONLY_ACTIVE_ARCH = YES;
				SDKROOT = iphoneos;
				SWIFT_ACTIVE_COMPILATION_CONDITIONS = DEBUG;
				SWIFT_OPTIMIZATION_LEVEL = "-Onone";
			};
			name = Debug;
		};
		70C9EDA229501D5C00B6995B /* Release */ = {
			isa = XCBuildConfiguration;
			baseConfigurationReference = 7084FC242963FB8A00065DAF /* Config.xcconfig */;
			buildSettings = {
				ALWAYS_SEARCH_USER_PATHS = NO;
				CLANG_ANALYZER_NONNULL = YES;
				CLANG_ANALYZER_NUMBER_OBJECT_CONVERSION = YES_AGGRESSIVE;
				CLANG_CXX_LANGUAGE_STANDARD = "gnu++20";
				CLANG_ENABLE_MODULES = YES;
				CLANG_ENABLE_OBJC_ARC = YES;
				CLANG_ENABLE_OBJC_WEAK = YES;
				CLANG_WARN_BLOCK_CAPTURE_AUTORELEASING = YES;
				CLANG_WARN_BOOL_CONVERSION = YES;
				CLANG_WARN_COMMA = YES;
				CLANG_WARN_CONSTANT_CONVERSION = YES;
				CLANG_WARN_DEPRECATED_OBJC_IMPLEMENTATIONS = YES;
				CLANG_WARN_DIRECT_OBJC_ISA_USAGE = YES_ERROR;
				CLANG_WARN_DOCUMENTATION_COMMENTS = YES;
				CLANG_WARN_EMPTY_BODY = YES;
				CLANG_WARN_ENUM_CONVERSION = YES;
				CLANG_WARN_INFINITE_RECURSION = YES;
				CLANG_WARN_INT_CONVERSION = YES;
				CLANG_WARN_NON_LITERAL_NULL_CONVERSION = YES;
				CLANG_WARN_OBJC_IMPLICIT_RETAIN_SELF = YES;
				CLANG_WARN_OBJC_LITERAL_CONVERSION = YES;
				CLANG_WARN_OBJC_ROOT_CLASS = YES_ERROR;
				CLANG_WARN_QUOTED_INCLUDE_IN_FRAMEWORK_HEADER = YES;
				CLANG_WARN_RANGE_LOOP_ANALYSIS = YES;
				CLANG_WARN_STRICT_PROTOTYPES = YES;
				CLANG_WARN_SUSPICIOUS_MOVE = YES;
				CLANG_WARN_UNGUARDED_AVAILABILITY = YES_AGGRESSIVE;
				CLANG_WARN_UNREACHABLE_CODE = YES;
				CLANG_WARN__DUPLICATE_METHOD_MATCH = YES;
				COPY_PHASE_STRIP = NO;
				DEBUG_INFORMATION_FORMAT = "dwarf-with-dsym";
				ENABLE_NS_ASSERTIONS = NO;
				ENABLE_STRICT_OBJC_MSGSEND = YES;
				GCC_C_LANGUAGE_STANDARD = gnu11;
				GCC_NO_COMMON_BLOCKS = YES;
				GCC_WARN_64_TO_32_BIT_CONVERSION = YES;
				GCC_WARN_ABOUT_RETURN_TYPE = YES_ERROR;
				GCC_WARN_UNDECLARED_SELECTOR = YES;
				GCC_WARN_UNINITIALIZED_AUTOS = YES_AGGRESSIVE;
				GCC_WARN_UNUSED_FUNCTION = YES;
				GCC_WARN_UNUSED_VARIABLE = YES;
				IPHONEOS_DEPLOYMENT_TARGET = 16.0;
				MTL_ENABLE_DEBUG_INFO = NO;
				MTL_FAST_MATH = YES;
				SDKROOT = iphoneos;
				SWIFT_COMPILATION_MODE = wholemodule;
				SWIFT_OPTIMIZATION_LEVEL = "-O";
				VALIDATE_PRODUCT = YES;
			};
			name = Release;
		};
		70C9EDA429501D5C00B6995B /* Debug */ = {
			isa = XCBuildConfiguration;
			buildSettings = {
				ALWAYS_EMBED_SWIFT_STANDARD_LIBRARIES = YES;
				ASSETCATALOG_COMPILER_APPICON_NAME = AppIcon;
				ASSETCATALOG_COMPILER_GLOBAL_ACCENT_COLOR_NAME = AccentColor;
				CODE_SIGN_ENTITLEMENTS = Clash/Clash.entitlements;
				CODE_SIGN_STYLE = Automatic;
				DEVELOPMENT_ASSET_PATHS = "\"Clash/Preview Content\"";
				ENABLE_PREVIEWS = YES;
				GENERATE_INFOPLIST_FILE = YES;
				INFOPLIST_FILE = Clash/Info.plist;
				INFOPLIST_KEY_CFBundleDisplayName = Clash;
				INFOPLIST_KEY_LSApplicationCategoryType = "public.app-category.utilities";
				INFOPLIST_KEY_UIApplicationSceneManifest_Generation = YES;
				INFOPLIST_KEY_UIApplicationSupportsIndirectInputEvents = YES;
				INFOPLIST_KEY_UILaunchScreen_Generation = YES;
				INFOPLIST_KEY_UISupportedInterfaceOrientations = UIInterfaceOrientationPortrait;
				INFOPLIST_KEY_UISupportedInterfaceOrientations_iPad = "UIInterfaceOrientationLandscapeLeft UIInterfaceOrientationLandscapeRight UIInterfaceOrientationPortrait UIInterfaceOrientationPortraitUpsideDown";
				LD_RUNPATH_SEARCH_PATHS = (
					"$(inherited)",
					"@executable_path/Frameworks",
				);
				PRODUCT_BUNDLE_IDENTIFIER = "${APP_ID}";
				PRODUCT_NAME = "$(TARGET_NAME)";
				SUPPORTED_PLATFORMS = "iphoneos iphonesimulator";
				SUPPORTS_MACCATALYST = NO;
				SUPPORTS_MAC_DESIGNED_FOR_IPHONE_IPAD = NO;
				SWIFT_EMIT_LOC_STRINGS = YES;
				SWIFT_VERSION = 5.0;
				TARGETED_DEVICE_FAMILY = 1;
			};
			name = Debug;
		};
		70C9EDA529501D5C00B6995B /* Release */ = {
			isa = XCBuildConfiguration;
			buildSettings = {
				ALWAYS_EMBED_SWIFT_STANDARD_LIBRARIES = YES;
				ASSETCATALOG_COMPILER_APPICON_NAME = AppIcon;
				ASSETCATALOG_COMPILER_GLOBAL_ACCENT_COLOR_NAME = AccentColor;
				CODE_SIGN_ENTITLEMENTS = Clash/Clash.entitlements;
				CODE_SIGN_STYLE = Automatic;
				DEVELOPMENT_ASSET_PATHS = "\"Clash/Preview Content\"";
				ENABLE_PREVIEWS = YES;
				GENERATE_INFOPLIST_FILE = YES;
				INFOPLIST_FILE = Clash/Info.plist;
				INFOPLIST_KEY_CFBundleDisplayName = Clash;
				INFOPLIST_KEY_LSApplicationCategoryType = "public.app-category.utilities";
				INFOPLIST_KEY_UIApplicationSceneManifest_Generation = YES;
				INFOPLIST_KEY_UIApplicationSupportsIndirectInputEvents = YES;
				INFOPLIST_KEY_UILaunchScreen_Generation = YES;
				INFOPLIST_KEY_UISupportedInterfaceOrientations = UIInterfaceOrientationPortrait;
				INFOPLIST_KEY_UISupportedInterfaceOrientations_iPad = "UIInterfaceOrientationLandscapeLeft UIInterfaceOrientationLandscapeRight UIInterfaceOrientationPortrait UIInterfaceOrientationPortraitUpsideDown";
				LD_RUNPATH_SEARCH_PATHS = (
					"$(inherited)",
					"@executable_path/Frameworks",
				);
				PRODUCT_BUNDLE_IDENTIFIER = "${APP_ID}";
				PRODUCT_NAME = "$(TARGET_NAME)";
				SUPPORTED_PLATFORMS = "iphoneos iphonesimulator";
				SUPPORTS_MACCATALYST = NO;
				SUPPORTS_MAC_DESIGNED_FOR_IPHONE_IPAD = NO;
				SWIFT_EMIT_LOC_STRINGS = YES;
				SWIFT_VERSION = 5.0;
				TARGETED_DEVICE_FAMILY = 1;
			};
			name = Release;
		};
		70C9EDB729502C6500B6995B /* Debug */ = {
			isa = XCBuildConfiguration;
			buildSettings = {
				CODE_SIGN_ENTITLEMENTS = PacketTunnel/PacketTunnel.entitlements;
				CODE_SIGN_STYLE = Automatic;
				GENERATE_INFOPLIST_FILE = YES;
				INFOPLIST_FILE = PacketTunnel/Info.plist;
				INFOPLIST_KEY_CFBundleDisplayName = PacketTunnel;
				INFOPLIST_KEY_NSHumanReadableCopyright = "";
				LD_RUNPATH_SEARCH_PATHS = (
					"$(inherited)",
					"@executable_path/Frameworks",
					"@executable_path/../../Frameworks",
				);
				LIBRARY_SEARCH_PATHS = (
					"$(inherited)",
					"$(PROJECT_DIR)/PacketTunnel",
				);
				PRODUCT_BUNDLE_IDENTIFIER = "${APP_ID}.${TUNNEL_BUNDLE_SUFFIX}";
				PRODUCT_NAME = "$(TARGET_NAME)";
				SKIP_INSTALL = YES;
				SWIFT_EMIT_LOC_STRINGS = YES;
				SWIFT_VERSION = 5.0;
				TARGETED_DEVICE_FAMILY = 1;
			};
			name = Debug;
		};
		70C9EDB829502C6500B6995B /* Release */ = {
			isa = XCBuildConfiguration;
			buildSettings = {
				CODE_SIGN_ENTITLEMENTS = PacketTunnel/PacketTunnel.entitlements;
				CODE_SIGN_STYLE = Automatic;
				GENERATE_INFOPLIST_FILE = YES;
				INFOPLIST_FILE = PacketTunnel/Info.plist;
				INFOPLIST_KEY_CFBundleDisplayName = PacketTunnel;
				INFOPLIST_KEY_NSHumanReadableCopyright = "";
				LD_RUNPATH_SEARCH_PATHS = (
					"$(inherited)",
					"@executable_path/Frameworks",
					"@executable_path/../../Frameworks",
				);
				LIBRARY_SEARCH_PATHS = (
					"$(inherited)",
					"$(PROJECT_DIR)/PacketTunnel",
				);
				PRODUCT_BUNDLE_IDENTIFIER = "${APP_ID}.${TUNNEL_BUNDLE_SUFFIX}";
				PRODUCT_NAME = "$(TARGET_NAME)";
				SKIP_INSTALL = YES;
				SWIFT_EMIT_LOC_STRINGS = YES;
				SWIFT_VERSION = 5.0;
				TARGETED_DEVICE_FAMILY = 1;
			};
			name = Release;
		};
/* End XCBuildConfiguration section */

/* Begin XCConfigurationList section */
		70C9ED9029501D5B00B6995B /* Build configuration list for PBXProject "Clash" */ = {
			isa = XCConfigurationList;
			buildConfigurations = (
				70C9EDA129501D5C00B6995B /* Debug */,
				70C9EDA229501D5C00B6995B /* Release */,
			);
			defaultConfigurationIsVisible = 0;
			defaultConfigurationName = Release;
		};
		70C9EDA329501D5C00B6995B /* Build configuration list for PBXNativeTarget "Clash" */ = {
			isa = XCConfigurationList;
			buildConfigurations = (
				70C9EDA429501D5C00B6995B /* Debug */,
				70C9EDA529501D5C00B6995B /* Release */,
			);
			defaultConfigurationIsVisible = 0;
			defaultConfigurationName = Release;
		};
		70C9EDB929502C6500B6995B /* Build configuration list for PBXNativeTarget "PacketTunnel" */ = {
			isa = XCConfigurationList;
			buildConfigurations = (
				70C9EDB729502C6500B6995B /* Debug */,
				70C9EDB829502C6500B6995B /* Release */,
			);
			defaultConfigurationIsVisible = 0;
			defaultConfigurationName = Release;
		};
/* End XCConfigurationList section */

/* Begin XCRemoteSwiftPackageReference section */
		7015F0DB296C5C25003E6A7D /* XCRemoteSwiftPackageReference "ClashKit" */ = {
			isa = XCRemoteSwiftPackageReference;
			repositoryURL = "https://github.com/daemonomead/ClashKit.git";
			requirement = {
				kind = exactVersion;
				version = 1.8.1;
			};
		};
		7015F0DE296C5D08003E6A7D /* XCRemoteSwiftPackageReference "Tun2SocksKit" */ = {
			isa = XCRemoteSwiftPackageReference;
			repositoryURL = "https://github.com/daemonomead/Tun2SocksKit.git";
			requirement = {
				kind = exactVersion;
				version = 1.0.0;
			};
		};
/* End XCRemoteSwiftPackageReference section */

/* Begin XCSwiftPackageProductDependency section */
		7015F0DC296C5C25003E6A7D /* ClashKit */ = {
			isa = XCSwiftPackageProductDependency;
			package = 7015F0DB296C5C25003E6A7D /* XCRemoteSwiftPackageReference "ClashKit" */;
			productName = ClashKit;
		};
		7015F0E3296C5DA1003E6A7D /* ClashKit */ = {
			isa = XCSwiftPackageProductDependency;
			package = 7015F0DB296C5C25003E6A7D /* XCRemoteSwiftPackageReference "ClashKit" */;
			productName = ClashKit;
		};
		7015F0E5296C5DA7003E6A7D /* Tun2SocksKit */ = {
			isa = XCSwiftPackageProductDependency;
			package = 7015F0DE296C5D08003E6A7D /* XCRemoteSwiftPackageReference "Tun2SocksKit" */;
			productName = Tun2SocksKit;
		};
/* End XCSwiftPackageProductDependency section */
	};
	rootObject = 70C9ED8D29501D5B00B6995B /* Project object */;
}
