{
  "pins" : [
    {
      "identity" : "clashkit",
      "kind" : "remoteSourceControl",
      "location" : "https://github.com/daemooon/ClashKit.git",
      "state" : {
        "revision" : "c70deb57c21fdafbca845bcd771f2f51e4f3173d",
        "version" : "1.8.17"
      }
    },
    {
      "identity" : "tun2sockskit",
      "kind" : "remoteSourceControl",
      "location" : "https://github.com/daemooon/Tun2SocksKit.git",
      "state" : {
        "revision" : "c6087aacc50ab3ffbd3782e6753579cc626baea7",
        "version" : "1.3.0"
      }
    },
    {
      "identity" : "xraykit",
      "kind" : "remoteSourceControl",
      "location" : "https://github.com/daemooon/XrayKit.git",
      "state" : {
        "revision" : "a9b90f4195510cf9f0abfbdf74b45317b43186e8",
        "version" : "0.1.11"
      }
    }
  ],
  "version" : 2
}
