{
  "pins" : [
    {
      "identity" : "tun2sockskit",
      "kind" : "remoteSourceControl",
      "location" : "https://github.com/daemooon/Tun2SocksKit.git",
      "state" : {
        "revision" : "e0d43e761416e1fbb7613cce7a28f44a8b4b059c",
        "version" : "2.1.10"
      }
    },
    {
      "identity" : "xraykit",
      "kind" : "remoteSourceControl",
      "location" : "https://github.com/daemooon/XrayKit.git",
      "state" : {
        "revision" : "a2f5b4dfb2f71e210b21fc1652c1598ae0065736",
        "version" : "0.1.42"
      }
    }
  ],
  "version" : 2
}
